// !$*UTF8*$!
{
	archiveVersion = 1;
	classes = {
	};
	objectVersion = 46;
	objects = {

/* Begin PBXBuildFile section */
		1882682A1F4BCEC500D72048 /* CC_GCoreDataManager.m in Sources */ = {isa = PBXBuildFile; fileRef = 188268291F4BCEC500D72048 /* CC_GCoreDataManager.m */; };
		18B6BCFD1F1F09CA0019391D /* main.m in Sources */ = {isa = PBXBuildFile; fileRef = 18B6BCFC1F1F09CA0019391D /* main.m */; };
		18B6BD001F1F09CA0019391D /* AppDelegate.m in Sources */ = {isa = PBXBuildFile; fileRef = 18B6BCFF1F1F09CA0019391D /* AppDelegate.m */; };
		18B6BD031F1F09CA0019391D /* ViewController.m in Sources */ = {isa = PBXBuildFile; fileRef = 18B6BD021F1F09CA0019391D /* ViewController.m */; };
		18B6BD061F1F09CA0019391D /* Main.storyboard in Resources */ = {isa = PBXBuildFile; fileRef = 18B6BD041F1F09CA0019391D /* Main.storyboard */; };
		18B6BD081F1F09CA0019391D /* Assets.xcassets in Resources */ = {isa = PBXBuildFile; fileRef = 18B6BD071F1F09CA0019391D /* Assets.xcassets */; };
		18B6BD0B1F1F09CA0019391D /* LaunchScreen.storyboard in Resources */ = {isa = PBXBuildFile; fileRef = 18B6BD091F1F09CA0019391D /* LaunchScreen.storyboard */; };
		18B6BD161F1F09CA0019391D /* bench_iosTests.m in Sources */ = {isa = PBXBuildFile; fileRef = 18B6BD151F1F09CA0019391D /* bench_iosTests.m */; };
		18B6BD211F1F09CA0019391D /* bench_iosUITests.m in Sources */ = {isa = PBXBuildFile; fileRef = 18B6BD201F1F09CA0019391D /* bench_iosUITests.m */; };
		18B6BD421F20C6660019391D /* CC_Share.m in Sources */ = {isa = PBXBuildFile; fileRef = 18B6BD411F20C6660019391D /* CC_Share.m */; };
		18B6BD461F21A6080019391D /* README.md in Sources */ = {isa = PBXBuildFile; fileRef = 18B6BD451F21A6080019391D /* README.md */; };
		18B6BD481F21A8560019391D /* bench_ios.podspec in Resources */ = {isa = PBXBuildFile; fileRef = 18B6BD471F21A8560019391D /* bench_ios.podspec */; };
		D8195F4F1F29CE6B00C7BADD /* CC_FormatDic.m in Sources */ = {isa = PBXBuildFile; fileRef = D8195F481F29CE6B00C7BADD /* CC_FormatDic.m */; };
		D8195F501F29CE6B00C7BADD /* CC_GHttpSessionTask.m in Sources */ = {isa = PBXBuildFile; fileRef = D8195F4A1F29CE6B00C7BADD /* CC_GHttpSessionTask.m */; };
		D8195F511F29CE6B00C7BADD /* CC_MD5Object.m in Sources */ = {isa = PBXBuildFile; fileRef = D8195F4C1F29CE6B00C7BADD /* CC_MD5Object.m */; };
		D8195F541F29CEEF00C7BADD /* CC_Valiation.m in Sources */ = {isa = PBXBuildFile; fileRef = D8195F531F29CEEF00C7BADD /* CC_Valiation.m */; };
		D823153C1F53AED3006055FB /* testColorViewController.m in Sources */ = {isa = PBXBuildFile; fileRef = D823153B1F53AED3006055FB /* testColorViewController.m */; };
		D8335338205F93F90030AB62 /* CC_HttpResponseModel.m in Sources */ = {isa = PBXBuildFile; fileRef = D8335337205F93F90030AB62 /* CC_HttpResponseModel.m */; };
		D83507621F309D2700B7461C /* CC_DESTool.m in Sources */ = {isa = PBXBuildFile; fileRef = D83507611F309D2700B7461C /* CC_DESTool.m */; };
		D835077A1F31E2CD00B7461C /* CC_CodeClass.m in Sources */ = {isa = PBXBuildFile; fileRef = D83507791F31E2CD00B7461C /* CC_CodeClass.m */; };
		D8365DE4205A54CE00357C0F /* testUIViewController.m in Sources */ = {isa = PBXBuildFile; fileRef = D8365DE1205A54CD00357C0F /* testUIViewController.m */; };
		D8365E23205A741D00357C0F /* CC_UIToolView.m in Sources */ = {isa = PBXBuildFile; fileRef = D8365E22205A741D00357C0F /* CC_UIToolView.m */; };
		D83B73342068A170000F81F8 /* CC_Note.m in Sources */ = {isa = PBXBuildFile; fileRef = D83B73332068A170000F81F8 /* CC_Note.m */; };
		D83EBC011FEB5BA700B94D6F /* CC_Array.m in Sources */ = {isa = PBXBuildFile; fileRef = D83EBBF61FEB5BA700B94D6F /* CC_Array.m */; };
		D83EBC021FEB5BA700B94D6F /* CC_AttributedStr.m in Sources */ = {isa = PBXBuildFile; fileRef = D83EBBF81FEB5BA700B94D6F /* CC_AttributedStr.m */; };
		D83EBC031FEB5BA700B94D6F /* CC_Button.m in Sources */ = {isa = PBXBuildFile; fileRef = D83EBBFA1FEB5BA700B94D6F /* CC_Button.m */; };
		D83EBC041FEB5BA700B94D6F /* CC_Image.m in Sources */ = {isa = PBXBuildFile; fileRef = D83EBBFC1FEB5BA700B94D6F /* CC_Image.m */; };
		D83EBC051FEB5BA700B94D6F /* CC_Label.m in Sources */ = {isa = PBXBuildFile; fileRef = D83EBBFE1FEB5BA700B94D6F /* CC_Label.m */; };
		D83EBC061FEB5BA700B94D6F /* CC_Notice.m in Sources */ = {isa = PBXBuildFile; fileRef = D83EBC001FEB5BA700B94D6F /* CC_Notice.m */; };
		D83EBC0C1FEB5CBC00B94D6F /* CC_UIHelper.m in Sources */ = {isa = PBXBuildFile; fileRef = D83EBC091FEB5CBC00B94D6F /* CC_UIHelper.m */; };
		D83EBC0D1FEB5CBC00B94D6F /* CC_UIViewExt.m in Sources */ = {isa = PBXBuildFile; fileRef = D83EBC0B1FEB5CBC00B94D6F /* CC_UIViewExt.m */; };
		D876FE871FB0514B0094C274 /* panda.plist in Resources */ = {isa = PBXBuildFile; fileRef = D876FE861FB0514B0094C274 /* panda.plist */; };
		D883EEF9200E37910062A6C6 /* GTMBase64.m in Sources */ = {isa = PBXBuildFile; fileRef = D883EEF4200E37910062A6C6 /* GTMBase64.m */; };
		D883EEFA200E37910062A6C6 /* LCdes.m in Sources */ = {isa = PBXBuildFile; fileRef = D883EEF7200E37910062A6C6 /* LCdes.m */; };
		D8B0E45C1F5016EA00425D06 /* CC_GColor.m in Sources */ = {isa = PBXBuildFile; fileRef = D8B0E45B1F5016EA00425D06 /* CC_GColor.m */; };
		D8B0E4611F501EE400425D06 /* nyyh.jpg in Resources */ = {isa = PBXBuildFile; fileRef = D8B0E4601F501EE400425D06 /* nyyh.jpg */; };
		D8CC62551FF25610006E2ED6 /* CC_Envirnment.m in Sources */ = {isa = PBXBuildFile; fileRef = D8CC62541FF25610006E2ED6 /* CC_Envirnment.m */; };
/* End PBXBuildFile section */

/* Begin PBXContainerItemProxy section */
		18B6BD121F1F09CA0019391D /* PBXContainerItemProxy */ = {
			isa = PBXContainerItemProxy;
			containerPortal = 18B6BCF01F1F09CA0019391D /* Project object */;
			proxyType = 1;
			remoteGlobalIDString = 18B6BCF71F1F09CA0019391D;
			remoteInfo = bench_ios;
		};
		18B6BD1D1F1F09CA0019391D /* PBXContainerItemProxy */ = {
			isa = PBXContainerItemProxy;
			containerPortal = 18B6BCF01F1F09CA0019391D /* Project object */;
			proxyType = 1;
			remoteGlobalIDString = 18B6BCF71F1F09CA0019391D;
			remoteInfo = bench_ios;
		};
/* End PBXContainerItemProxy section */

/* Begin PBXFileReference section */
		188268281F4BCEC500D72048 /* CC_GCoreDataManager.h */ = {isa = PBXFileReference; fileEncoding = 4; lastKnownFileType = sourcecode.c.h; path = CC_GCoreDataManager.h; sourceTree = "<group>"; };
		188268291F4BCEC500D72048 /* CC_GCoreDataManager.m */ = {isa = PBXFileReference; fileEncoding = 4; lastKnownFileType = sourcecode.c.objc; path = CC_GCoreDataManager.m; sourceTree = "<group>"; };
		18B6BCF81F1F09CA0019391D /* bench_ios.app */ = {isa = PBXFileReference; explicitFileType = wrapper.application; includeInIndex = 0; path = bench_ios.app; sourceTree = BUILT_PRODUCTS_DIR; };
		18B6BCFC1F1F09CA0019391D /* main.m */ = {isa = PBXFileReference; lastKnownFileType = sourcecode.c.objc; path = main.m; sourceTree = "<group>"; };
		18B6BCFE1F1F09CA0019391D /* AppDelegate.h */ = {isa = PBXFileReference; lastKnownFileType = sourcecode.c.h; path = AppDelegate.h; sourceTree = "<group>"; };
		18B6BCFF1F1F09CA0019391D /* AppDelegate.m */ = {isa = PBXFileReference; lastKnownFileType = sourcecode.c.objc; path = AppDelegate.m; sourceTree = "<group>"; };
		18B6BD011F1F09CA0019391D /* ViewController.h */ = {isa = PBXFileReference; lastKnownFileType = sourcecode.c.h; path = ViewController.h; sourceTree = "<group>"; };
		18B6BD021F1F09CA0019391D /* ViewController.m */ = {isa = PBXFileReference; lastKnownFileType = sourcecode.c.objc; path = ViewController.m; sourceTree = "<group>"; };
		18B6BD051F1F09CA0019391D /* Base */ = {isa = PBXFileReference; lastKnownFileType = file.storyboard; name = Base; path = Base.lproj/Main.storyboard; sourceTree = "<group>"; };
		18B6BD071F1F09CA0019391D /* Assets.xcassets */ = {isa = PBXFileReference; lastKnownFileType = folder.assetcatalog; path = Assets.xcassets; sourceTree = "<group>"; };
		18B6BD0A1F1F09CA0019391D /* Base */ = {isa = PBXFileReference; lastKnownFileType = file.storyboard; name = Base; path = Base.lproj/LaunchScreen.storyboard; sourceTree = "<group>"; };
		18B6BD0C1F1F09CA0019391D /* Info.plist */ = {isa = PBXFileReference; lastKnownFileType = text.plist.xml; path = Info.plist; sourceTree = "<group>"; };
		18B6BD111F1F09CA0019391D /* bench_iosTests.xctest */ = {isa = PBXFileReference; explicitFileType = wrapper.cfbundle; includeInIndex = 0; path = bench_iosTests.xctest; sourceTree = BUILT_PRODUCTS_DIR; };
		18B6BD151F1F09CA0019391D /* bench_iosTests.m */ = {isa = PBXFileReference; lastKnownFileType = sourcecode.c.objc; path = bench_iosTests.m; sourceTree = "<group>"; };
		18B6BD171F1F09CA0019391D /* Info.plist */ = {isa = PBXFileReference; lastKnownFileType = text.plist.xml; path = Info.plist; sourceTree = "<group>"; };
		18B6BD1C1F1F09CA0019391D /* bench_iosUITests.xctest */ = {isa = PBXFileReference; explicitFileType = wrapper.cfbundle; includeInIndex = 0; path = bench_iosUITests.xctest; sourceTree = BUILT_PRODUCTS_DIR; };
		18B6BD201F1F09CA0019391D /* bench_iosUITests.m */ = {isa = PBXFileReference; lastKnownFileType = sourcecode.c.objc; path = bench_iosUITests.m; sourceTree = "<group>"; };
		18B6BD221F1F09CA0019391D /* Info.plist */ = {isa = PBXFileReference; lastKnownFileType = text.plist.xml; path = Info.plist; sourceTree = "<group>"; };
		18B6BD401F20C6660019391D /* CC_Share.h */ = {isa = PBXFileReference; fileEncoding = 4; lastKnownFileType = sourcecode.c.h; path = CC_Share.h; sourceTree = "<group>"; };
		18B6BD411F20C6660019391D /* CC_Share.m */ = {isa = PBXFileReference; fileEncoding = 4; lastKnownFileType = sourcecode.c.objc; path = CC_Share.m; sourceTree = "<group>"; };
		18B6BD451F21A6080019391D /* README.md */ = {isa = PBXFileReference; fileEncoding = 4; lastKnownFileType = net.daringfireball.markdown; path = README.md; sourceTree = SOURCE_ROOT; };
		18B6BD471F21A8560019391D /* bench_ios.podspec */ = {isa = PBXFileReference; fileEncoding = 4; lastKnownFileType = text; path = bench_ios.podspec; sourceTree = SOURCE_ROOT; };
		D8195F471F29CE6B00C7BADD /* CC_FormatDic.h */ = {isa = PBXFileReference; fileEncoding = 4; lastKnownFileType = sourcecode.c.h; path = CC_FormatDic.h; sourceTree = "<group>"; };
		D8195F481F29CE6B00C7BADD /* CC_FormatDic.m */ = {isa = PBXFileReference; fileEncoding = 4; lastKnownFileType = sourcecode.c.objc; path = CC_FormatDic.m; sourceTree = "<group>"; };
		D8195F491F29CE6B00C7BADD /* CC_GHttpSessionTask.h */ = {isa = PBXFileReference; fileEncoding = 4; lastKnownFileType = sourcecode.c.h; path = CC_GHttpSessionTask.h; sourceTree = "<group>"; };
		D8195F4A1F29CE6B00C7BADD /* CC_GHttpSessionTask.m */ = {isa = PBXFileReference; fileEncoding = 4; lastKnownFileType = sourcecode.c.objc; path = CC_GHttpSessionTask.m; sourceTree = "<group>"; };
		D8195F4B1F29CE6B00C7BADD /* CC_MD5Object.h */ = {isa = PBXFileReference; fileEncoding = 4; lastKnownFileType = sourcecode.c.h; path = CC_MD5Object.h; sourceTree = "<group>"; };
		D8195F4C1F29CE6B00C7BADD /* CC_MD5Object.m */ = {isa = PBXFileReference; fileEncoding = 4; lastKnownFileType = sourcecode.c.objc; path = CC_MD5Object.m; sourceTree = "<group>"; };
		D8195F521F29CEEF00C7BADD /* CC_Valiation.h */ = {isa = PBXFileReference; fileEncoding = 4; lastKnownFileType = sourcecode.c.h; path = CC_Valiation.h; sourceTree = "<group>"; };
		D8195F531F29CEEF00C7BADD /* CC_Valiation.m */ = {isa = PBXFileReference; fileEncoding = 4; lastKnownFileType = sourcecode.c.objc; path = CC_Valiation.m; sourceTree = "<group>"; };
		D823153A1F53AED3006055FB /* testColorViewController.h */ = {isa = PBXFileReference; fileEncoding = 4; lastKnownFileType = sourcecode.c.h; path = testColorViewController.h; sourceTree = "<group>"; };
		D823153B1F53AED3006055FB /* testColorViewController.m */ = {isa = PBXFileReference; fileEncoding = 4; lastKnownFileType = sourcecode.c.objc; path = testColorViewController.m; sourceTree = "<group>"; };
		D8335336205F93F90030AB62 /* CC_HttpResponseModel.h */ = {isa = PBXFileReference; lastKnownFileType = sourcecode.c.h; path = CC_HttpResponseModel.h; sourceTree = "<group>"; };
		D8335337205F93F90030AB62 /* CC_HttpResponseModel.m */ = {isa = PBXFileReference; lastKnownFileType = sourcecode.c.objc; path = CC_HttpResponseModel.m; sourceTree = "<group>"; };
		D83507601F309D2700B7461C /* CC_DESTool.h */ = {isa = PBXFileReference; fileEncoding = 4; lastKnownFileType = sourcecode.c.h; path = CC_DESTool.h; sourceTree = "<group>"; };
		D83507611F309D2700B7461C /* CC_DESTool.m */ = {isa = PBXFileReference; fileEncoding = 4; lastKnownFileType = sourcecode.c.objc; path = CC_DESTool.m; sourceTree = "<group>"; };
		D83507781F31E2CD00B7461C /* CC_CodeClass.h */ = {isa = PBXFileReference; fileEncoding = 4; lastKnownFileType = sourcecode.c.h; path = CC_CodeClass.h; sourceTree = "<group>"; };
		D83507791F31E2CD00B7461C /* CC_CodeClass.m */ = {isa = PBXFileReference; fileEncoding = 4; lastKnownFileType = sourcecode.c.objc; path = CC_CodeClass.m; sourceTree = "<group>"; };
		D8365DD8205A2E0E00357C0F /* Prefix.pch */ = {isa = PBXFileReference; lastKnownFileType = sourcecode.c.h; path = Prefix.pch; sourceTree = "<group>"; };
		D8365DE0205A54CD00357C0F /* testUIViewController.h */ = {isa = PBXFileReference; fileEncoding = 4; lastKnownFileType = sourcecode.c.h; path = testUIViewController.h; sourceTree = "<group>"; };
		D8365DE1205A54CD00357C0F /* testUIViewController.m */ = {isa = PBXFileReference; fileEncoding = 4; lastKnownFileType = sourcecode.c.objc; path = testUIViewController.m; sourceTree = "<group>"; };
		D8365E21205A741D00357C0F /* CC_UIToolView.h */ = {isa = PBXFileReference; lastKnownFileType = sourcecode.c.h; path = CC_UIToolView.h; sourceTree = "<group>"; };
		D8365E22205A741D00357C0F /* CC_UIToolView.m */ = {isa = PBXFileReference; lastKnownFileType = sourcecode.c.objc; path = CC_UIToolView.m; sourceTree = "<group>"; };
		D83B73322068A170000F81F8 /* CC_Note.h */ = {isa = PBXFileReference; lastKnownFileType = sourcecode.c.h; path = CC_Note.h; sourceTree = "<group>"; };
		D83B73332068A170000F81F8 /* CC_Note.m */ = {isa = PBXFileReference; lastKnownFileType = sourcecode.c.objc; path = CC_Note.m; sourceTree = "<group>"; };
		D83EBBF51FEB5BA700B94D6F /* CC_Array.h */ = {isa = PBXFileReference; fileEncoding = 4; lastKnownFileType = sourcecode.c.h; path = CC_Array.h; sourceTree = "<group>"; };
		D83EBBF61FEB5BA700B94D6F /* CC_Array.m */ = {isa = PBXFileReference; fileEncoding = 4; lastKnownFileType = sourcecode.c.objc; path = CC_Array.m; sourceTree = "<group>"; };
		D83EBBF71FEB5BA700B94D6F /* CC_AttributedStr.h */ = {isa = PBXFileReference; fileEncoding = 4; lastKnownFileType = sourcecode.c.h; path = CC_AttributedStr.h; sourceTree = "<group>"; };
		D83EBBF81FEB5BA700B94D6F /* CC_AttributedStr.m */ = {isa = PBXFileReference; fileEncoding = 4; lastKnownFileType = sourcecode.c.objc; path = CC_AttributedStr.m; sourceTree = "<group>"; };
		D83EBBF91FEB5BA700B94D6F /* CC_Button.h */ = {isa = PBXFileReference; fileEncoding = 4; lastKnownFileType = sourcecode.c.h; path = CC_Button.h; sourceTree = "<group>"; };
		D83EBBFA1FEB5BA700B94D6F /* CC_Button.m */ = {isa = PBXFileReference; fileEncoding = 4; lastKnownFileType = sourcecode.c.objc; path = CC_Button.m; sourceTree = "<group>"; };
		D83EBBFB1FEB5BA700B94D6F /* CC_Image.h */ = {isa = PBXFileReference; fileEncoding = 4; lastKnownFileType = sourcecode.c.h; path = CC_Image.h; sourceTree = "<group>"; };
		D83EBBFC1FEB5BA700B94D6F /* CC_Image.m */ = {isa = PBXFileReference; fileEncoding = 4; lastKnownFileType = sourcecode.c.objc; path = CC_Image.m; sourceTree = "<group>"; };
		D83EBBFD1FEB5BA700B94D6F /* CC_Label.h */ = {isa = PBXFileReference; fileEncoding = 4; lastKnownFileType = sourcecode.c.h; path = CC_Label.h; sourceTree = "<group>"; };
		D83EBBFE1FEB5BA700B94D6F /* CC_Label.m */ = {isa = PBXFileReference; fileEncoding = 4; lastKnownFileType = sourcecode.c.objc; path = CC_Label.m; sourceTree = "<group>"; };
		D83EBBFF1FEB5BA700B94D6F /* CC_Notice.h */ = {isa = PBXFileReference; fileEncoding = 4; lastKnownFileType = sourcecode.c.h; path = CC_Notice.h; sourceTree = "<group>"; };
		D83EBC001FEB5BA700B94D6F /* CC_Notice.m */ = {isa = PBXFileReference; fileEncoding = 4; lastKnownFileType = sourcecode.c.objc; path = CC_Notice.m; sourceTree = "<group>"; };
		D83EBC081FEB5CBC00B94D6F /* CC_UIHelper.h */ = {isa = PBXFileReference; fileEncoding = 4; lastKnownFileType = sourcecode.c.h; path = CC_UIHelper.h; sourceTree = "<group>"; };
		D83EBC091FEB5CBC00B94D6F /* CC_UIHelper.m */ = {isa = PBXFileReference; fileEncoding = 4; lastKnownFileType = sourcecode.c.objc; path = CC_UIHelper.m; sourceTree = "<group>"; };
		D83EBC0A1FEB5CBC00B94D6F /* CC_UIViewExt.h */ = {isa = PBXFileReference; fileEncoding = 4; lastKnownFileType = sourcecode.c.h; path = CC_UIViewExt.h; sourceTree = "<group>"; };
		D83EBC0B1FEB5CBC00B94D6F /* CC_UIViewExt.m */ = {isa = PBXFileReference; fileEncoding = 4; lastKnownFileType = sourcecode.c.objc; path = CC_UIViewExt.m; sourceTree = "<group>"; };
		D83EBC0E1FEB646100B94D6F /* PlatformConfig.h */ = {isa = PBXFileReference; lastKnownFileType = sourcecode.c.h; path = PlatformConfig.h; sourceTree = "<group>"; };
		D876FE861FB0514B0094C274 /* panda.plist */ = {isa = PBXFileReference; lastKnownFileType = text.plist.xml; path = panda.plist; sourceTree = "<group>"; };
		D883EEF4200E37910062A6C6 /* GTMBase64.m */ = {isa = PBXFileReference; fileEncoding = 4; lastKnownFileType = sourcecode.c.objc; path = GTMBase64.m; sourceTree = "<group>"; };
		D883EEF5200E37910062A6C6 /* GTMBase64.h */ = {isa = PBXFileReference; fileEncoding = 4; lastKnownFileType = sourcecode.c.h; path = GTMBase64.h; sourceTree = "<group>"; };
		D883EEF6200E37910062A6C6 /* LCdes.h */ = {isa = PBXFileReference; fileEncoding = 4; lastKnownFileType = sourcecode.c.h; path = LCdes.h; sourceTree = "<group>"; };
		D883EEF7200E37910062A6C6 /* LCdes.m */ = {isa = PBXFileReference; fileEncoding = 4; lastKnownFileType = sourcecode.c.objc; path = LCdes.m; sourceTree = "<group>"; };
		D883EEF8200E37910062A6C6 /* GTMDefines.h */ = {isa = PBXFileReference; fileEncoding = 4; lastKnownFileType = sourcecode.c.h; path = GTMDefines.h; sourceTree = "<group>"; };
		D8B0E45A1F5016EA00425D06 /* CC_GColor.h */ = {isa = PBXFileReference; fileEncoding = 4; lastKnownFileType = sourcecode.c.h; path = CC_GColor.h; sourceTree = "<group>"; };
		D8B0E45B1F5016EA00425D06 /* CC_GColor.m */ = {isa = PBXFileReference; fileEncoding = 4; lastKnownFileType = sourcecode.c.objc; path = CC_GColor.m; sourceTree = "<group>"; };
		D8B0E4601F501EE400425D06 /* nyyh.jpg */ = {isa = PBXFileReference; lastKnownFileType = image.jpeg; path = nyyh.jpg; sourceTree = "<group>"; };
		D8CC62531FF25610006E2ED6 /* CC_Envirnment.h */ = {isa = PBXFileReference; lastKnownFileType = sourcecode.c.h; path = CC_Envirnment.h; sourceTree = "<group>"; };
		D8CC62541FF25610006E2ED6 /* CC_Envirnment.m */ = {isa = PBXFileReference; lastKnownFileType = sourcecode.c.objc; path = CC_Envirnment.m; sourceTree = "<group>"; };
/* End PBXFileReference section */

/* Begin PBXFrameworksBuildPhase section */
		18B6BCF51F1F09CA0019391D /* Frameworks */ = {
			isa = PBXFrameworksBuildPhase;
			buildActionMask = 2147483647;
			files = (
			);
			runOnlyForDeploymentPostprocessing = 0;
		};
		18B6BD0E1F1F09CA0019391D /* Frameworks */ = {
			isa = PBXFrameworksBuildPhase;
			buildActionMask = 2147483647;
			files = (
			);
			runOnlyForDeploymentPostprocessing = 0;
		};
		18B6BD191F1F09CA0019391D /* Frameworks */ = {
			isa = PBXFrameworksBuildPhase;
			buildActionMask = 2147483647;
			files = (
			);
			runOnlyForDeploymentPostprocessing = 0;
		};
/* End PBXFrameworksBuildPhase section */

/* Begin PBXGroup section */
		188268271F4BCEC500D72048 /* storage */ = {
			isa = PBXGroup;
			children = (
				188268281F4BCEC500D72048 /* CC_GCoreDataManager.h */,
				188268291F4BCEC500D72048 /* CC_GCoreDataManager.m */,
			);
			path = storage;
			sourceTree = "<group>";
		};
		18B6BCEF1F1F09CA0019391D = {
			isa = PBXGroup;
			children = (
				18B6BCFA1F1F09CA0019391D /* bench_ios */,
				18B6BD141F1F09CA0019391D /* bench_iosTests */,
				18B6BD1F1F1F09CA0019391D /* bench_iosUITests */,
				18B6BCF91F1F09CA0019391D /* Products */,
			);
			sourceTree = "<group>";
		};
		18B6BCF91F1F09CA0019391D /* Products */ = {
			isa = PBXGroup;
			children = (
				18B6BCF81F1F09CA0019391D /* bench_ios.app */,
				18B6BD111F1F09CA0019391D /* bench_iosTests.xctest */,
				18B6BD1C1F1F09CA0019391D /* bench_iosUITests.xctest */,
			);
			name = Products;
			sourceTree = "<group>";
		};
		18B6BCFA1F1F09CA0019391D /* bench_ios */ = {
			isa = PBXGroup;
			children = (
				18B6BD471F21A8560019391D /* bench_ios.podspec */,
				18B6BD451F21A6080019391D /* README.md */,
				18B6BCFE1F1F09CA0019391D /* AppDelegate.h */,
				18B6BCFF1F1F09CA0019391D /* AppDelegate.m */,
				18B6BD011F1F09CA0019391D /* ViewController.h */,
				18B6BD021F1F09CA0019391D /* ViewController.m */,
				D883EEE0200E34790062A6C6 /* test */,
				D82315391F53AEC1006055FB /* testController */,
				18B6BD2E1F1F143E0019391D /* bench */,
				18B6BD041F1F09CA0019391D /* Main.storyboard */,
				18B6BD071F1F09CA0019391D /* Assets.xcassets */,
				18B6BD091F1F09CA0019391D /* LaunchScreen.storyboard */,
				18B6BD0C1F1F09CA0019391D /* Info.plist */,
				D8365DD8205A2E0E00357C0F /* Prefix.pch */,
				D8B0E45F1F501EDB00425D06 /* testImg */,
				18B6BCFB1F1F09CA0019391D /* Supporting Files */,
				D876FE861FB0514B0094C274 /* panda.plist */,
			);
			path = bench_ios;
			sourceTree = "<group>";
		};
		18B6BCFB1F1F09CA0019391D /* Supporting Files */ = {
			isa = PBXGroup;
			children = (
				18B6BCFC1F1F09CA0019391D /* main.m */,
			);
			name = "Supporting Files";
			sourceTree = "<group>";
		};
		18B6BD141F1F09CA0019391D /* bench_iosTests */ = {
			isa = PBXGroup;
			children = (
				18B6BD151F1F09CA0019391D /* bench_iosTests.m */,
				18B6BD171F1F09CA0019391D /* Info.plist */,
			);
			path = bench_iosTests;
			sourceTree = "<group>";
		};
		18B6BD1F1F1F09CA0019391D /* bench_iosUITests */ = {
			isa = PBXGroup;
			children = (
				18B6BD201F1F09CA0019391D /* bench_iosUITests.m */,
				18B6BD221F1F09CA0019391D /* Info.plist */,
			);
			path = bench_iosUITests;
			sourceTree = "<group>";
		};
		18B6BD2E1F1F143E0019391D /* bench */ = {
			isa = PBXGroup;
			children = (
				D83EBC0E1FEB646100B94D6F /* PlatformConfig.h */,
				18B6BD401F20C6660019391D /* CC_Share.h */,
				18B6BD411F20C6660019391D /* CC_Share.m */,
				D83EBC071FEB5CBC00B94D6F /* display */,
				D83EBBF41FEB5BA700B94D6F /* object */,
				188268271F4BCEC500D72048 /* storage */,
				D8195F461F29CE6B00C7BADD /* network */,
				D8195F4E1F29CE6B00C7BADD /* tool */,
			);
			path = bench;
			sourceTree = "<group>";
		};
		D8195F461F29CE6B00C7BADD /* network */ = {
			isa = PBXGroup;
			children = (
				D8195F471F29CE6B00C7BADD /* CC_FormatDic.h */,
				D8195F481F29CE6B00C7BADD /* CC_FormatDic.m */,
				D8335336205F93F90030AB62 /* CC_HttpResponseModel.h */,
				D8335337205F93F90030AB62 /* CC_HttpResponseModel.m */,
				D8195F491F29CE6B00C7BADD /* CC_GHttpSessionTask.h */,
				D8195F4A1F29CE6B00C7BADD /* CC_GHttpSessionTask.m */,
				D8195F4B1F29CE6B00C7BADD /* CC_MD5Object.h */,
				D8195F4C1F29CE6B00C7BADD /* CC_MD5Object.m */,
				D8CC62531FF25610006E2ED6 /* CC_Envirnment.h */,
				D8CC62541FF25610006E2ED6 /* CC_Envirnment.m */,
			);
			path = network;
			sourceTree = "<group>";
		};
		D8195F4E1F29CE6B00C7BADD /* tool */ = {
			isa = PBXGroup;
			children = (
				D83507601F309D2700B7461C /* CC_DESTool.h */,
				D83507611F309D2700B7461C /* CC_DESTool.m */,
				D8195F521F29CEEF00C7BADD /* CC_Valiation.h */,
				D8195F531F29CEEF00C7BADD /* CC_Valiation.m */,
				D83507781F31E2CD00B7461C /* CC_CodeClass.h */,
				D83507791F31E2CD00B7461C /* CC_CodeClass.m */,
				D8B0E45A1F5016EA00425D06 /* CC_GColor.h */,
				D8B0E45B1F5016EA00425D06 /* CC_GColor.m */,
			);
			path = tool;
			sourceTree = "<group>";
		};
		D82315391F53AEC1006055FB /* testController */ = {
			isa = PBXGroup;
			children = (
				D823153A1F53AED3006055FB /* testColorViewController.h */,
				D823153B1F53AED3006055FB /* testColorViewController.m */,
				D8365DDF205A54CD00357C0F /* uihelper */,
			);
			path = testController;
			sourceTree = "<group>";
		};
		D8365DDF205A54CD00357C0F /* uihelper */ = {
			isa = PBXGroup;
			children = (
				D8365DE0205A54CD00357C0F /* testUIViewController.h */,
				D8365DE1205A54CD00357C0F /* testUIViewController.m */,
			);
			path = uihelper;
			sourceTree = "<group>";
		};
		D83EBBF41FEB5BA700B94D6F /* object */ = {
			isa = PBXGroup;
			children = (
				D83EBBF51FEB5BA700B94D6F /* CC_Array.h */,
				D83EBBF61FEB5BA700B94D6F /* CC_Array.m */,
				D83EBBF71FEB5BA700B94D6F /* CC_AttributedStr.h */,
				D83EBBF81FEB5BA700B94D6F /* CC_AttributedStr.m */,
				D83EBBF91FEB5BA700B94D6F /* CC_Button.h */,
				D83EBBFA1FEB5BA700B94D6F /* CC_Button.m */,
				D83EBBFB1FEB5BA700B94D6F /* CC_Image.h */,
				D83EBBFC1FEB5BA700B94D6F /* CC_Image.m */,
				D83EBBFD1FEB5BA700B94D6F /* CC_Label.h */,
				D83EBBFE1FEB5BA700B94D6F /* CC_Label.m */,
				D83EBBFF1FEB5BA700B94D6F /* CC_Notice.h */,
				D83EBC001FEB5BA700B94D6F /* CC_Notice.m */,
			);
			path = object;
			sourceTree = "<group>";
		};
		D83EBC071FEB5CBC00B94D6F /* display */ = {
			isa = PBXGroup;
			children = (
				D83B73322068A170000F81F8 /* CC_Note.h */,
				D83B73332068A170000F81F8 /* CC_Note.m */,
				D83EBC081FEB5CBC00B94D6F /* CC_UIHelper.h */,
				D83EBC091FEB5CBC00B94D6F /* CC_UIHelper.m */,
				D8365E21205A741D00357C0F /* CC_UIToolView.h */,
				D8365E22205A741D00357C0F /* CC_UIToolView.m */,
				D83EBC0A1FEB5CBC00B94D6F /* CC_UIViewExt.h */,
				D83EBC0B1FEB5CBC00B94D6F /* CC_UIViewExt.m */,
			);
			path = display;
			sourceTree = "<group>";
		};
		D883EEE0200E34790062A6C6 /* test */ = {
			isa = PBXGroup;
			children = (
				D883EEF5200E37910062A6C6 /* GTMBase64.h */,
				D883EEF4200E37910062A6C6 /* GTMBase64.m */,
				D883EEF8200E37910062A6C6 /* GTMDefines.h */,
				D883EEF6200E37910062A6C6 /* LCdes.h */,
				D883EEF7200E37910062A6C6 /* LCdes.m */,
			);
			path = test;
			sourceTree = "<group>";
		};
		D8B0E45F1F501EDB00425D06 /* testImg */ = {
			isa = PBXGroup;
			children = (
				D8B0E4601F501EE400425D06 /* nyyh.jpg */,
			);
			path = testImg;
			sourceTree = "<group>";
		};
/* End PBXGroup section */

/* Begin PBXNativeTarget section */
		18B6BCF71F1F09CA0019391D /* bench_ios */ = {
			isa = PBXNativeTarget;
			buildConfigurationList = 18B6BD251F1F09CA0019391D /* Build configuration list for PBXNativeTarget "bench_ios" */;
			buildPhases = (
				18B6BCF41F1F09CA0019391D /* Sources */,
				18B6BCF51F1F09CA0019391D /* Frameworks */,
				18B6BCF61F1F09CA0019391D /* Resources */,
			);
			buildRules = (
			);
			dependencies = (
			);
			name = bench_ios;
			productName = bench_ios;
			productReference = 18B6BCF81F1F09CA0019391D /* bench_ios.app */;
			productType = "com.apple.product-type.application";
		};
		18B6BD101F1F09CA0019391D /* bench_iosTests */ = {
			isa = PBXNativeTarget;
			buildConfigurationList = 18B6BD281F1F09CA0019391D /* Build configuration list for PBXNativeTarget "bench_iosTests" */;
			buildPhases = (
				18B6BD0D1F1F09CA0019391D /* Sources */,
				18B6BD0E1F1F09CA0019391D /* Frameworks */,
				18B6BD0F1F1F09CA0019391D /* Resources */,
			);
			buildRules = (
			);
			dependencies = (
				18B6BD131F1F09CA0019391D /* PBXTargetDependency */,
			);
			name = bench_iosTests;
			productName = bench_iosTests;
			productReference = 18B6BD111F1F09CA0019391D /* bench_iosTests.xctest */;
			productType = "com.apple.product-type.bundle.unit-test";
		};
		18B6BD1B1F1F09CA0019391D /* bench_iosUITests */ = {
			isa = PBXNativeTarget;
			buildConfigurationList = 18B6BD2B1F1F09CA0019391D /* Build configuration list for PBXNativeTarget "bench_iosUITests" */;
			buildPhases = (
				18B6BD181F1F09CA0019391D /* Sources */,
				18B6BD191F1F09CA0019391D /* Frameworks */,
				18B6BD1A1F1F09CA0019391D /* Resources */,
			);
			buildRules = (
			);
			dependencies = (
				18B6BD1E1F1F09CA0019391D /* PBXTargetDependency */,
			);
			name = bench_iosUITests;
			productName = bench_iosUITests;
			productReference = 18B6BD1C1F1F09CA0019391D /* bench_iosUITests.xctest */;
			productType = "com.apple.product-type.bundle.ui-testing";
		};
/* End PBXNativeTarget section */

/* Begin PBXProject section */
		18B6BCF01F1F09CA0019391D /* Project object */ = {
			isa = PBXProject;
			attributes = {
				LastUpgradeCheck = 0830;
				ORGANIZATIONNAME = apple;
				TargetAttributes = {
					18B6BCF71F1F09CA0019391D = {
						CreatedOnToolsVersion = 8.3.1;
						ProvisioningStyle = Automatic;
					};
					18B6BD101F1F09CA0019391D = {
						CreatedOnToolsVersion = 8.3.1;
						ProvisioningStyle = Automatic;
						TestTargetID = 18B6BCF71F1F09CA0019391D;
					};
					18B6BD1B1F1F09CA0019391D = {
						CreatedOnToolsVersion = 8.3.1;
						ProvisioningStyle = Automatic;
						TestTargetID = 18B6BCF71F1F09CA0019391D;
					};
				};
			};
			buildConfigurationList = 18B6BCF31F1F09CA0019391D /* Build configuration list for PBXProject "bench_ios" */;
			compatibilityVersion = "Xcode 3.2";
			developmentRegion = English;
			hasScannedForEncodings = 0;
			knownRegions = (
				en,
				Base,
			);
			mainGroup = 18B6BCEF1F1F09CA0019391D;
			productRefGroup = 18B6BCF91F1F09CA0019391D /* Products */;
			projectDirPath = "";
			projectRoot = "";
			targets = (
				18B6BCF71F1F09CA0019391D /* bench_ios */,
				18B6BD101F1F09CA0019391D /* bench_iosTests */,
				18B6BD1B1F1F09CA0019391D /* bench_iosUITests */,
			);
		};
/* End PBXProject section */

/* Begin PBXResourcesBuildPhase section */
		18B6BCF61F1F09CA0019391D /* Resources */ = {
			isa = PBXResourcesBuildPhase;
			buildActionMask = 2147483647;
			files = (
				18B6BD0B1F1F09CA0019391D /* LaunchScreen.storyboard in Resources */,
				D8B0E4611F501EE400425D06 /* nyyh.jpg in Resources */,
				18B6BD081F1F09CA0019391D /* Assets.xcassets in Resources */,
				D876FE871FB0514B0094C274 /* panda.plist in Resources */,
				18B6BD061F1F09CA0019391D /* Main.storyboard in Resources */,
				18B6BD481F21A8560019391D /* bench_ios.podspec in Resources */,
			);
			runOnlyForDeploymentPostprocessing = 0;
		};
		18B6BD0F1F1F09CA0019391D /* Resources */ = {
			isa = PBXResourcesBuildPhase;
			buildActionMask = 2147483647;
			files = (
			);
			runOnlyForDeploymentPostprocessing = 0;
		};
		18B6BD1A1F1F09CA0019391D /* Resources */ = {
			isa = PBXResourcesBuildPhase;
			buildActionMask = 2147483647;
			files = (
			);
			runOnlyForDeploymentPostprocessing = 0;
		};
/* End PBXResourcesBuildPhase section */

/* Begin PBXSourcesBuildPhase section */
		18B6BCF41F1F09CA0019391D /* Sources */ = {
			isa = PBXSourcesBuildPhase;
			buildActionMask = 2147483647;
			files = (
				D8CC62551FF25610006E2ED6 /* CC_Envirnment.m in Sources */,
				D83EBC041FEB5BA700B94D6F /* CC_Image.m in Sources */,
				D8195F541F29CEEF00C7BADD /* CC_Valiation.m in Sources */,
				D883EEFA200E37910062A6C6 /* LCdes.m in Sources */,
				D8365DE4205A54CE00357C0F /* testUIViewController.m in Sources */,
				D8B0E45C1F5016EA00425D06 /* CC_GColor.m in Sources */,
				18B6BD031F1F09CA0019391D /* ViewController.m in Sources */,
				18B6BD001F1F09CA0019391D /* AppDelegate.m in Sources */,
				18B6BCFD1F1F09CA0019391D /* main.m in Sources */,
				D83EBC061FEB5BA700B94D6F /* CC_Notice.m in Sources */,
				D835077A1F31E2CD00B7461C /* CC_CodeClass.m in Sources */,
				D823153C1F53AED3006055FB /* testColorViewController.m in Sources */,
				D8195F511F29CE6B00C7BADD /* CC_MD5Object.m in Sources */,
				D83EBC0D1FEB5CBC00B94D6F /* CC_UIViewExt.m in Sources */,
				D83EBC011FEB5BA700B94D6F /* CC_Array.m in Sources */,
				D83EBC021FEB5BA700B94D6F /* CC_AttributedStr.m in Sources */,
				D83EBC031FEB5BA700B94D6F /* CC_Button.m in Sources */,
				D8195F4F1F29CE6B00C7BADD /* CC_FormatDic.m in Sources */,
				D83EBC051FEB5BA700B94D6F /* CC_Label.m in Sources */,
				1882682A1F4BCEC500D72048 /* CC_GCoreDataManager.m in Sources */,
				18B6BD421F20C6660019391D /* CC_Share.m in Sources */,
				D883EEF9200E37910062A6C6 /* GTMBase64.m in Sources */,
				D8365E23205A741D00357C0F /* CC_UIToolView.m in Sources */,
				18B6BD461F21A6080019391D /* README.md in Sources */,
				D83EBC0C1FEB5CBC00B94D6F /* CC_UIHelper.m in Sources */,
				D8195F501F29CE6B00C7BADD /* CC_GHttpSessionTask.m in Sources */,
				D83B73342068A170000F81F8 /* CC_Note.m in Sources */,
				D8335338205F93F90030AB62 /* CC_HttpResponseModel.m in Sources */,
				D83507621F309D2700B7461C /* CC_DESTool.m in Sources */,
			);
			runOnlyForDeploymentPostprocessing = 0;
		};
		18B6BD0D1F1F09CA0019391D /* Sources */ = {
			isa = PBXSourcesBuildPhase;
			buildActionMask = 2147483647;
			files = (
				18B6BD161F1F09CA0019391D /* bench_iosTests.m in Sources */,
			);
			runOnlyForDeploymentPostprocessing = 0;
		};
		18B6BD181F1F09CA0019391D /* Sources */ = {
			isa = PBXSourcesBuildPhase;
			buildActionMask = 2147483647;
			files = (
				18B6BD211F1F09CA0019391D /* bench_iosUITests.m in Sources */,
			);
			runOnlyForDeploymentPostprocessing = 0;
		};
/* End PBXSourcesBuildPhase section */

/* Begin PBXTargetDependency section */
		18B6BD131F1F09CA0019391D /* PBXTargetDependency */ = {
			isa = PBXTargetDependency;
			target = 18B6BCF71F1F09CA0019391D /* bench_ios */;
			targetProxy = 18B6BD121F1F09CA0019391D /* PBXContainerItemProxy */;
		};
		18B6BD1E1F1F09CA0019391D /* PBXTargetDependency */ = {
			isa = PBXTargetDependency;
			target = 18B6BCF71F1F09CA0019391D /* bench_ios */;
			targetProxy = 18B6BD1D1F1F09CA0019391D /* PBXContainerItemProxy */;
		};
/* End PBXTargetDependency section */

/* Begin PBXVariantGroup section */
		18B6BD041F1F09CA0019391D /* Main.storyboard */ = {
			isa = PBXVariantGroup;
			children = (
				18B6BD051F1F09CA0019391D /* Base */,
			);
			name = Main.storyboard;
			sourceTree = "<group>";
		};
		18B6BD091F1F09CA0019391D /* LaunchScreen.storyboard */ = {
			isa = PBXVariantGroup;
			children = (
				18B6BD0A1F1F09CA0019391D /* Base */,
			);
			name = LaunchScreen.storyboard;
			sourceTree = "<group>";
		};
/* End PBXVariantGroup section */

/* Begin XCBuildConfiguration section */
		18B6BD231F1F09CA0019391D /* Debug */ = {
			isa = XCBuildConfiguration;
			buildSettings = {
				ALWAYS_SEARCH_USER_PATHS = NO;
				CLANG_ANALYZER_NONNULL = YES;
				CLANG_ANALYZER_NUMBER_OBJECT_CONVERSION = YES_AGGRESSIVE;
				CLANG_CXX_LANGUAGE_STANDARD = "gnu++0x";
				CLANG_CXX_LIBRARY = "libc++";
				CLANG_ENABLE_MODULES = YES;
				CLANG_ENABLE_OBJC_ARC = YES;
				CLANG_WARN_BOOL_CONVERSION = YES;
				CLANG_WARN_CONSTANT_CONVERSION = YES;
				CLANG_WARN_DIRECT_OBJC_ISA_USAGE = YES_ERROR;
				CLANG_WARN_DOCUMENTATION_COMMENTS = YES;
				CLANG_WARN_EMPTY_BODY = YES;
				CLANG_WARN_ENUM_CONVERSION = YES;
				CLANG_WARN_INFINITE_RECURSION = YES;
				CLANG_WARN_INT_CONVERSION = YES;
				CLANG_WARN_OBJC_ROOT_CLASS = YES_ERROR;
				CLANG_WARN_SUSPICIOUS_MOVE = YES;
				CLANG_WARN_UNREACHABLE_CODE = YES;
				CLANG_WARN__DUPLICATE_METHOD_MATCH = YES;
				"CODE_SIGN_IDENTITY[sdk=iphoneos*]" = "iPhone Developer";
				COPY_PHASE_STRIP = NO;
				DEBUG_INFORMATION_FORMAT = dwarf;
				ENABLE_STRICT_OBJC_MSGSEND = YES;
				ENABLE_TESTABILITY = YES;
				GCC_C_LANGUAGE_STANDARD = gnu99;
				GCC_DYNAMIC_NO_PIC = NO;
				GCC_NO_COMMON_BLOCKS = YES;
				GCC_OPTIMIZATION_LEVEL = 0;
				GCC_PREPROCESSOR_DEFINITIONS = (
					"DEBUG=1",
					"$(inherited)",
				);
				GCC_WARN_64_TO_32_BIT_CONVERSION = YES;
				GCC_WARN_ABOUT_RETURN_TYPE = YES_ERROR;
				GCC_WARN_UNDECLARED_SELECTOR = YES;
				GCC_WARN_UNINITIALIZED_AUTOS = YES_AGGRESSIVE;
				GCC_WARN_UNUSED_FUNCTION = YES;
				GCC_WARN_UNUSED_VARIABLE = YES;
				IPHONEOS_DEPLOYMENT_TARGET = 10.3;
				MTL_ENABLE_DEBUG_INFO = YES;
				ONLY_ACTIVE_ARCH = YES;
				SDKROOT = iphoneos;
			};
			name = Debug;
		};
		18B6BD241F1F09CA0019391D /* Release */ = {
			isa = XCBuildConfiguration;
			buildSettings = {
				ALWAYS_SEARCH_USER_PATHS = NO;
				CLANG_ANALYZER_NONNULL = YES;
				CLANG_ANALYZER_NUMBER_OBJECT_CONVERSION = YES_AGGRESSIVE;
				CLANG_CXX_LANGUAGE_STANDARD = "gnu++0x";
				CLANG_CXX_LIBRARY = "libc++";
				CLANG_ENABLE_MODULES = YES;
				CLANG_ENABLE_OBJC_ARC = YES;
				CLANG_WARN_BOOL_CONVERSION = YES;
				CLANG_WARN_CONSTANT_CONVERSION = YES;
				CLANG_WARN_DIRECT_OBJC_ISA_USAGE = YES_ERROR;
				CLANG_WARN_DOCUMENTATION_COMMENTS = YES;
				CLANG_WARN_EMPTY_BODY = YES;
				CLANG_WARN_ENUM_CONVERSION = YES;
				CLANG_WARN_INFINITE_RECURSION = YES;
				CLANG_WARN_INT_CONVERSION = YES;
				CLANG_WARN_OBJC_ROOT_CLASS = YES_ERROR;
				CLANG_WARN_SUSPICIOUS_MOVE = YES;
				CLANG_WARN_UNREACHABLE_CODE = YES;
				CLANG_WARN__DUPLICATE_METHOD_MATCH = YES;
				"CODE_SIGN_IDENTITY[sdk=iphoneos*]" = "iPhone Developer";
				COPY_PHASE_STRIP = NO;
				DEBUG_INFORMATION_FORMAT = "dwarf-with-dsym";
				ENABLE_NS_ASSERTIONS = NO;
				ENABLE_STRICT_OBJC_MSGSEND = YES;
				GCC_C_LANGUAGE_STANDARD = gnu99;
				GCC_NO_COMMON_BLOCKS = YES;
				GCC_WARN_64_TO_32_BIT_CONVERSION = YES;
				GCC_WARN_ABOUT_RETURN_TYPE = YES_ERROR;
				GCC_WARN_UNDECLARED_SELECTOR = YES;
				GCC_WARN_UNINITIALIZED_AUTOS = YES_AGGRESSIVE;
				GCC_WARN_UNUSED_FUNCTION = YES;
				GCC_WARN_UNUSED_VARIABLE = YES;
				IPHONEOS_DEPLOYMENT_TARGET = 10.3;
				MTL_ENABLE_DEBUG_INFO = NO;
				SDKROOT = iphoneos;
				VALIDATE_PRODUCT = YES;
			};
			name = Release;
		};
		18B6BD261F1F09CA0019391D /* Debug */ = {
			isa = XCBuildConfiguration;
			buildSettings = {
				ASSETCATALOG_COMPILER_APPICON_NAME = AppIcon;
				GCC_PREFIX_HEADER = "$(SRCROOT)/bench_ios/Prefix.pch";
				INFOPLIST_FILE = bench_ios/Info.plist;
				IPHONEOS_DEPLOYMENT_TARGET = 8;
				LD_RUNPATH_SEARCH_PATHS = "$(inherited) @executable_path/Frameworks";
				PRODUCT_BUNDLE_IDENTIFIER = "com.app.bench-ios";
				PRODUCT_NAME = "$(TARGET_NAME)";
			};
			name = Debug;
		};
		18B6BD271F1F09CA0019391D /* Release */ = {
			isa = XCBuildConfiguration;
			buildSettings = {
				ASSETCATALOG_COMPILER_APPICON_NAME = AppIcon;
				GCC_PREFIX_HEADER = "$(SRCROOT)/bench_ios/Prefix.pch";
				INFOPLIST_FILE = bench_ios/Info.plist;
				IPHONEOS_DEPLOYMENT_TARGET = 8;
				LD_RUNPATH_SEARCH_PATHS = "$(inherited) @executable_path/Frameworks";
				PRODUCT_BUNDLE_IDENTIFIER = "com.app.bench-ios";
				PRODUCT_NAME = "$(TARGET_NAME)";
			};
			name = Release;
		};
		18B6BD291F1F09CA0019391D /* Debug */ = {
			isa = XCBuildConfiguration;
			buildSettings = {
				BUNDLE_LOADER = "$(TEST_HOST)";
				INFOPLIST_FILE = bench_iosTests/Info.plist;
				LD_RUNPATH_SEARCH_PATHS = "$(inherited) @executable_path/Frameworks @loader_path/Frameworks";
				PRODUCT_BUNDLE_IDENTIFIER = "com.app.bench-iosTests";
				PRODUCT_NAME = "$(TARGET_NAME)";
				TEST_HOST = "$(BUILT_PRODUCTS_DIR)/bench_ios.app/bench_ios";
			};
			name = Debug;
		};
		18B6BD2A1F1F09CA0019391D /* Release */ = {
			isa = XCBuildConfiguration;
			buildSettings = {
				BUNDLE_LOADER = "$(TEST_HOST)";
				INFOPLIST_FILE = bench_iosTests/Info.plist;
				LD_RUNPATH_SEARCH_PATHS = "$(inherited) @executable_path/Frameworks @loader_path/Frameworks";
				PRODUCT_BUNDLE_IDENTIFIER = "com.app.bench-iosTests";
				PRODUCT_NAME = "$(TARGET_NAME)";
				TEST_HOST = "$(BUILT_PRODUCTS_DIR)/bench_ios.app/bench_ios";
			};
			name = Release;
		};
		18B6BD2C1F1F09CA0019391D /* Debug */ = {
			isa = XCBuildConfiguration;
			buildSettings = {
				INFOPLIST_FILE = bench_iosUITests/Info.plist;
				LD_RUNPATH_SEARCH_PATHS = "$(inherited) @executable_path/Frameworks @loader_path/Frameworks";
				PRODUCT_BUNDLE_IDENTIFIER = "com.app.bench-iosUITests";
				PRODUCT_NAME = "$(TARGET_NAME)";
				TEST_TARGET_NAME = bench_ios;
			};
			name = Debug;
		};
		18B6BD2D1F1F09CA0019391D /* Release */ = {
			isa = XCBuildConfiguration;
			buildSettings = {
				INFOPLIST_FILE = bench_iosUITests/Info.plist;
				LD_RUNPATH_SEARCH_PATHS = "$(inherited) @executable_path/Frameworks @loader_path/Frameworks";
				PRODUCT_BUNDLE_IDENTIFIER = "com.app.bench-iosUITests";
				PRODUCT_NAME = "$(TARGET_NAME)";
				TEST_TARGET_NAME = bench_ios;
			};
			name = Release;
		};
/* End XCBuildConfiguration section */

/* Begin XCConfigurationList section */
		18B6BCF31F1F09CA0019391D /* Build configuration list for PBXProject "bench_ios" */ = {
			isa = XCConfigurationList;
			buildConfigurations = (
				18B6BD231F1F09CA0019391D /* Debug */,
				18B6BD241F1F09CA0019391D /* Release */,
			);
			defaultConfigurationIsVisible = 0;
			defaultConfigurationName = Release;
		};
		18B6BD251F1F09CA0019391D /* Build configuration list for PBXNativeTarget "bench_ios" */ = {
			isa = XCConfigurationList;
			buildConfigurations = (
				18B6BD261F1F09CA0019391D /* Debug */,
				18B6BD271F1F09CA0019391D /* Release */,
			);
			defaultConfigurationIsVisible = 0;
			defaultConfigurationName = Release;
		};
		18B6BD281F1F09CA0019391D /* Build configuration list for PBXNativeTarget "bench_iosTests" */ = {
			isa = XCConfigurationList;
			buildConfigurations = (
				18B6BD291F1F09CA0019391D /* Debug */,
				18B6BD2A1F1F09CA0019391D /* Release */,
			);
			defaultConfigurationIsVisible = 0;
			defaultConfigurationName = Release;
		};
		18B6BD2B1F1F09CA0019391D /* Build configuration list for PBXNativeTarget "bench_iosUITests" */ = {
			isa = XCConfigurationList;
			buildConfigurations = (
				18B6BD2C1F1F09CA0019391D /* Debug */,
				18B6BD2D1F1F09CA0019391D /* Release */,
			);
			defaultConfigurationIsVisible = 0;
			defaultConfigurationName = Release;
		};
/* End XCConfigurationList section */
	};
	rootObject = 18B6BCF01F1F09CA0019391D /* Project object */;
}
