// !$*UTF8*$!
{
	archiveVersion = 1;
	classes = {
	};
	objectVersion = 46;
	objects = {

/* Begin PBXBuildFile section */
		1882682A1F4BCEC500D72048 /* CC_GCoreDataManager.m in Sources */ = {isa = PBXBuildFile; fileRef = 188268291F4BCEC500D72048 /* CC_GCoreDataManager.m */; };
		18B6BCFD1F1F09CA0019391D /* main.m in Sources */ = {isa = PBXBuildFile; fileRef = 18B6BCFC1F1F09CA0019391D /* main.m */; };
		18B6BD001F1F09CA0019391D /* AppDelegate.m in Sources */ = {isa = PBXBuildFile; fileRef = 18B6BCFF1F1F09CA0019391D /* AppDelegate.m */; };
		18B6BD031F1F09CA0019391D /* ViewController.m in Sources */ = {isa = PBXBuildFile; fileRef = 18B6BD021F1F09CA0019391D /* ViewController.m */; };
		18B6BD061F1F09CA0019391D /* Main.storyboard in Resources */ = {isa = PBXBuildFile; fileRef = 18B6BD041F1F09CA0019391D /* Main.storyboard */; };
		18B6BD081F1F09CA0019391D /* Assets.xcassets in Resources */ = {isa = PBXBuildFile; fileRef = 18B6BD071F1F09CA0019391D /* Assets.xcassets */; };
		18B6BD0B1F1F09CA0019391D /* LaunchScreen.storyboard in Resources */ = {isa = PBXBuildFile; fileRef = 18B6BD091F1F09CA0019391D /* LaunchScreen.storyboard */; };
		18B6BD161F1F09CA0019391D /* bench_iosTests.m in Sources */ = {isa = PBXBuildFile; fileRef = 18B6BD151F1F09CA0019391D /* bench_iosTests.m */; };
		18B6BD211F1F09CA0019391D /* bench_iosUITests.m in Sources */ = {isa = PBXBuildFile; fileRef = 18B6BD201F1F09CA0019391D /* bench_iosUITests.m */; };
		18B6BD421F20C6660019391D /* CC_Share.m in Sources */ = {isa = PBXBuildFile; fileRef = 18B6BD411F20C6660019391D /* CC_Share.m */; };
		18B6BD461F21A6080019391D /* README.md in Sources */ = {isa = PBXBuildFile; fileRef = 18B6BD451F21A6080019391D /* README.md */; };
		18B6BD481F21A8560019391D /* bench_ios.podspec in Resources */ = {isa = PBXBuildFile; fileRef = 18B6BD471F21A8560019391D /* bench_ios.podspec */; };
		3081D9C020FC364F00FF5B3D /* CC_UIViewExt.m in Sources */ = {isa = PBXBuildFile; fileRef = 3081D9BF20FC364F00FF5B3D /* CC_UIViewExt.m */; };
		C0354403224B82900036506A /* CC_WebView.m in Sources */ = {isa = PBXBuildFile; fileRef = C0354402224B82900036506A /* CC_WebView.m */; };
		C0CDC6E6223F94E600893ACB /* CC_UploadImagesTool.m in Sources */ = {isa = PBXBuildFile; fileRef = C0CDC6E5223F94E500893ACB /* CC_UploadImagesTool.m */; };
		D8064C53206A28AF0096F80D /* CC_TextField.m in Sources */ = {isa = PBXBuildFile; fileRef = D8064C52206A28AF0096F80D /* CC_TextField.m */; };
		D8064C59206A43F50096F80D /* CC_TextView.m in Sources */ = {isa = PBXBuildFile; fileRef = D8064C58206A43F50096F80D /* CC_TextView.m */; };
		D8195F4F1F29CE6B00C7BADD /* CC_FormatDic.m in Sources */ = {isa = PBXBuildFile; fileRef = D8195F481F29CE6B00C7BADD /* CC_FormatDic.m */; };
		D8195F501F29CE6B00C7BADD /* CC_GHttpSessionTask.m in Sources */ = {isa = PBXBuildFile; fileRef = D8195F4A1F29CE6B00C7BADD /* CC_GHttpSessionTask.m */; };
		D8195F511F29CE6B00C7BADD /* CC_MD5Object.m in Sources */ = {isa = PBXBuildFile; fileRef = D8195F4C1F29CE6B00C7BADD /* CC_MD5Object.m */; };
		D8195F541F29CEEF00C7BADD /* CC_Validate.m in Sources */ = {isa = PBXBuildFile; fileRef = D8195F531F29CEEF00C7BADD /* CC_Validate.m */; };
		D823153C1F53AED3006055FB /* testColorViewController.m in Sources */ = {isa = PBXBuildFile; fileRef = D823153B1F53AED3006055FB /* testColorViewController.m */; };
		D8288C492178881D000F3B89 /* model in Resources */ = {isa = PBXBuildFile; fileRef = D8288C482178881D000F3B89 /* model */; };
		D8288C4C2178B01F000F3B89 /* CC_ObjectModel.m in Sources */ = {isa = PBXBuildFile; fileRef = D8288C4B2178B01F000F3B89 /* CC_ObjectModel.m */; };
		D82CBC7621BE611100058044 /* CC_TManager.m in Sources */ = {isa = PBXBuildFile; fileRef = D82CBC7521BE611100058044 /* CC_TManager.m */; };
		D82F0B9B219533AF006EDF54 /* NSDate+CCCat.m in Sources */ = {isa = PBXBuildFile; fileRef = D82F0B9A219533AF006EDF54 /* NSDate+CCCat.m */; };
		D8335338205F93F90030AB62 /* CC_HttpResponseModel.m in Sources */ = {isa = PBXBuildFile; fileRef = D8335337205F93F90030AB62 /* CC_HttpResponseModel.m */; };
		D83507621F309D2700B7461C /* CC_DES.m in Sources */ = {isa = PBXBuildFile; fileRef = D83507611F309D2700B7461C /* CC_DES.m */; };
		D835077A1F31E2CD00B7461C /* CC_CodeClass.m in Sources */ = {isa = PBXBuildFile; fileRef = D83507791F31E2CD00B7461C /* CC_CodeClass.m */; };
		D8365DE4205A54CE00357C0F /* testUIViewController.m in Sources */ = {isa = PBXBuildFile; fileRef = D8365DE1205A54CD00357C0F /* testUIViewController.m */; };
		D8365E23205A741D00357C0F /* CC_UIToolView.m in Sources */ = {isa = PBXBuildFile; fileRef = D8365E22205A741D00357C0F /* CC_UIToolView.m */; };
		D8389DF9206B74D50010A04A /* CC_3DWindow.m in Sources */ = {isa = PBXBuildFile; fileRef = D8389DF8206B74D50010A04A /* CC_3DWindow.m */; };
		D8389DFC206BA3680010A04A /* CC_LogicClass.m in Sources */ = {isa = PBXBuildFile; fileRef = D8389DFB206BA3680010A04A /* CC_LogicClass.m */; };
		D839260020FDDBE70034D10F /* casGif.gif in Resources */ = {isa = PBXBuildFile; fileRef = D83925FF20FDDBE70034D10F /* casGif.gif */; };
		D839260320FEDC6F0034D10F /* testCasVC.m in Sources */ = {isa = PBXBuildFile; fileRef = D839260220FEDC6F0034D10F /* testCasVC.m */; };
		D839260B20FEDFA40034D10F /* UIView+ClassyCat.m in Sources */ = {isa = PBXBuildFile; fileRef = D839260520FEDFA40034D10F /* UIView+ClassyCat.m */; };
		D839260C20FEDFA40034D10F /* CC_UIAtom.m in Sources */ = {isa = PBXBuildFile; fileRef = D839260620FEDFA40034D10F /* CC_UIAtom.m */; };
		D839260D20FEDFA40034D10F /* CC_ClassyExtend.m in Sources */ = {isa = PBXBuildFile; fileRef = D839260920FEDFA40034D10F /* CC_ClassyExtend.m */; };
		D839265820FEDFC60034D10F /* UINavigationBar+CASAdditions.m in Sources */ = {isa = PBXBuildFile; fileRef = D839261420FEDFC60034D10F /* UINavigationBar+CASAdditions.m */; };
		D839265920FEDFC60034D10F /* UITabBar+CASAdditions.m in Sources */ = {isa = PBXBuildFile; fileRef = D839261820FEDFC60034D10F /* UITabBar+CASAdditions.m */; };
		D839265A20FEDFC60034D10F /* NSObject+CASSwizzle.m in Sources */ = {isa = PBXBuildFile; fileRef = D839261B20FEDFC60034D10F /* NSObject+CASSwizzle.m */; };
		D839265B20FEDFC60034D10F /* NSRegularExpression+CASAdditions.m in Sources */ = {isa = PBXBuildFile; fileRef = D839261C20FEDFC60034D10F /* NSRegularExpression+CASAdditions.m */; };
		D839265C20FEDFC60034D10F /* UIBarItem+CASAdditions.m in Sources */ = {isa = PBXBuildFile; fileRef = D839261F20FEDFC60034D10F /* UIBarItem+CASAdditions.m */; };
		D839265D20FEDFC60034D10F /* UIView+CASAdditions.m in Sources */ = {isa = PBXBuildFile; fileRef = D839262020FEDFC60034D10F /* UIView+CASAdditions.m */; };
		D839265E20FEDFC60034D10F /* UISlider+CASAdditions.m in Sources */ = {isa = PBXBuildFile; fileRef = D839262120FEDFC60034D10F /* UISlider+CASAdditions.m */; };
		D839265F20FEDFC60034D10F /* UIViewController+CASAdditions.m in Sources */ = {isa = PBXBuildFile; fileRef = D839262320FEDFC60034D10F /* UIViewController+CASAdditions.m */; };
		D839266020FEDFC60034D10F /* UIToolbar+CASAdditions.m in Sources */ = {isa = PBXBuildFile; fileRef = D839262520FEDFC60034D10F /* UIToolbar+CASAdditions.m */; };
		D839266120FEDFC60034D10F /* UITextField+CASAdditions.m in Sources */ = {isa = PBXBuildFile; fileRef = D839262620FEDFC60034D10F /* UITextField+CASAdditions.m */; };
		D839266220FEDFC60034D10F /* UIColor+CASAdditions.m in Sources */ = {isa = PBXBuildFile; fileRef = D839262720FEDFC60034D10F /* UIColor+CASAdditions.m */; };
		D839266320FEDFC60034D10F /* NSString+CASAdditions.m in Sources */ = {isa = PBXBuildFile; fileRef = D839262920FEDFC60034D10F /* NSString+CASAdditions.m */; };
		D839266420FEDFC60034D10F /* CASInvocation.m in Sources */ = {isa = PBXBuildFile; fileRef = D839262E20FEDFC60034D10F /* CASInvocation.m */; };
		D839266520FEDFC60034D10F /* CASExpressionSolver.m in Sources */ = {isa = PBXBuildFile; fileRef = D839262F20FEDFC60034D10F /* CASExpressionSolver.m */; };
		D839266620FEDFC60034D10F /* CASToken.m in Sources */ = {isa = PBXBuildFile; fileRef = D839263020FEDFC60034D10F /* CASToken.m */; };
		D839266720FEDFC60034D10F /* CASLexer.m in Sources */ = {isa = PBXBuildFile; fileRef = D839263120FEDFC60034D10F /* CASLexer.m */; };
		D839266820FEDFC60034D10F /* CASDeviceSelector.m in Sources */ = {isa = PBXBuildFile; fileRef = D839263220FEDFC60034D10F /* CASDeviceSelector.m */; };
		D839266920FEDFC60034D10F /* CASDeviceTypeItem.m in Sources */ = {isa = PBXBuildFile; fileRef = D839263620FEDFC60034D10F /* CASDeviceTypeItem.m */; };
		D839266A20FEDFC60034D10F /* CASUtilities.m in Sources */ = {isa = PBXBuildFile; fileRef = D839263720FEDFC60034D10F /* CASUtilities.m */; };
		D839266B20FEDFC60034D10F /* CASStyleSelector.m in Sources */ = {isa = PBXBuildFile; fileRef = D839263820FEDFC60034D10F /* CASStyleSelector.m */; };
		D839266C20FEDFC60034D10F /* CASParser.m in Sources */ = {isa = PBXBuildFile; fileRef = D839263920FEDFC60034D10F /* CASParser.m */; };
		D839266D20FEDFC60034D10F /* CASDeviceOSVersionItem.m in Sources */ = {isa = PBXBuildFile; fileRef = D839263A20FEDFC60034D10F /* CASDeviceOSVersionItem.m */; };
		D839266E20FEDFC60034D10F /* CASStyleProperty.m in Sources */ = {isa = PBXBuildFile; fileRef = D839264120FEDFC60034D10F /* CASStyleProperty.m */; };
		D839266F20FEDFC60034D10F /* CASStyler.m in Sources */ = {isa = PBXBuildFile; fileRef = D839264220FEDFC60034D10F /* CASStyler.m */; };
		D839267020FEDFC60034D10F /* CASStyleNode.m in Sources */ = {isa = PBXBuildFile; fileRef = D839264320FEDFC60034D10F /* CASStyleNode.m */; };
		D839267120FEDFC60034D10F /* CASUnitToken.m in Sources */ = {isa = PBXBuildFile; fileRef = D839264420FEDFC60034D10F /* CASUnitToken.m */; };
		D839267220FEDFC60034D10F /* CASTextAttributes.m in Sources */ = {isa = PBXBuildFile; fileRef = D839264A20FEDFC60034D10F /* CASTextAttributes.m */; };
		D839267320FEDFC60034D10F /* CASPropertyDescriptor.m in Sources */ = {isa = PBXBuildFile; fileRef = D839264E20FEDFC60034D10F /* CASPropertyDescriptor.m */; };
		D839267420FEDFC60034D10F /* CASObjectClassDescriptor.m in Sources */ = {isa = PBXBuildFile; fileRef = D839265120FEDFC60034D10F /* CASObjectClassDescriptor.m */; };
		D839267520FEDFC60034D10F /* CASRuntimeExtensions.m in Sources */ = {isa = PBXBuildFile; fileRef = D839265220FEDFC60034D10F /* CASRuntimeExtensions.m */; };
		D839267620FEDFC60034D10F /* CASArgumentDescriptor.m in Sources */ = {isa = PBXBuildFile; fileRef = D839265420FEDFC60034D10F /* CASArgumentDescriptor.m */; };
		D839267A20FEE07B0034D10F /* gwh.cas in Resources */ = {isa = PBXBuildFile; fileRef = D839267920FEE07B0034D10F /* gwh.cas */; };
		D839267C20FEE07F0034D10F /* stylesheet.cas in Resources */ = {isa = PBXBuildFile; fileRef = D839267B20FEE07F0034D10F /* stylesheet.cas */; };
		D83926C321017CDA0034D10F /* UIView+CCLayout.m in Sources */ = {isa = PBXBuildFile; fileRef = D83926C221017CDA0034D10F /* UIView+CCLayout.m */; };
		D83B73342068A170000F81F8 /* CC_Note.m in Sources */ = {isa = PBXBuildFile; fileRef = D83B73332068A170000F81F8 /* CC_Note.m */; };
		D83B74DF2068FD9F000F81F8 /* CC_View.m in Sources */ = {isa = PBXBuildFile; fileRef = D83B74DE2068FD9F000F81F8 /* CC_View.m */; };
		D83EBC011FEB5BA700B94D6F /* CC_Array.m in Sources */ = {isa = PBXBuildFile; fileRef = D83EBBF61FEB5BA700B94D6F /* CC_Array.m */; };
		D83EBC021FEB5BA700B94D6F /* CC_AttributedStr.m in Sources */ = {isa = PBXBuildFile; fileRef = D83EBBF81FEB5BA700B94D6F /* CC_AttributedStr.m */; };
		D83EBC031FEB5BA700B94D6F /* CC_Button.m in Sources */ = {isa = PBXBuildFile; fileRef = D83EBBFA1FEB5BA700B94D6F /* CC_Button.m */; };
		D83EBC041FEB5BA700B94D6F /* CC_Image.m in Sources */ = {isa = PBXBuildFile; fileRef = D83EBBFC1FEB5BA700B94D6F /* CC_Image.m */; };
		D83EBC051FEB5BA700B94D6F /* CC_Label.m in Sources */ = {isa = PBXBuildFile; fileRef = D83EBBFE1FEB5BA700B94D6F /* CC_Label.m */; };
		D83EBC061FEB5BA700B94D6F /* CC_Notice.m in Sources */ = {isa = PBXBuildFile; fileRef = D83EBC001FEB5BA700B94D6F /* CC_Notice.m */; };
		D83EBC0C1FEB5CBC00B94D6F /* CC_UIHelper.m in Sources */ = {isa = PBXBuildFile; fileRef = D83EBC091FEB5CBC00B94D6F /* CC_UIHelper.m */; };
		D84649A3218FFDA900F33451 /* CC_HttpConfigure.m in Sources */ = {isa = PBXBuildFile; fileRef = D84649A2218FFDA900F33451 /* CC_HttpConfigure.m */; };
		D85BFC8F2193DBA400F567EF /* test.plist in Resources */ = {isa = PBXBuildFile; fileRef = D85BFC8E2193DBA400F567EF /* test.plist */; };
		D85BFC9B219409FC00F567EF /* NSMutableDictionary+CCCat.m in Sources */ = {isa = PBXBuildFile; fileRef = D85BFC9A219409FC00F567EF /* NSMutableDictionary+CCCat.m */; };
		D8678D9921D073F100E04986 /* NSObject+CCCat.m in Sources */ = {isa = PBXBuildFile; fileRef = D8678D9721D073F100E04986 /* NSObject+CCCat.m */; };
		D86F4C9D20883841000DF173 /* CC_Date.m in Sources */ = {isa = PBXBuildFile; fileRef = D86F4C9C20883841000DF173 /* CC_Date.m */; };
		D876FE871FB0514B0094C274 /* panda.plist in Resources */ = {isa = PBXBuildFile; fileRef = D876FE861FB0514B0094C274 /* panda.plist */; };
		D883EEF9200E37910062A6C6 /* GTMBase64.m in Sources */ = {isa = PBXBuildFile; fileRef = D883EEF4200E37910062A6C6 /* GTMBase64.m */; };
		D883EEFA200E37910062A6C6 /* LCdes.m in Sources */ = {isa = PBXBuildFile; fileRef = D883EEF7200E37910062A6C6 /* LCdes.m */; };
		D88C293F212CFCC600828AA6 /* test1.png in Resources */ = {isa = PBXBuildFile; fileRef = D88C293E212CFCC500828AA6 /* test1.png */; };
		D88C2941212CFCD000828AA6 /* test2.png in Resources */ = {isa = PBXBuildFile; fileRef = D88C2940212CFCD000828AA6 /* test2.png */; };
		D88C2966212EAF3F00828AA6 /* CC_KeyChainStore.m in Sources */ = {isa = PBXBuildFile; fileRef = D88C2965212EAF3E00828AA6 /* CC_KeyChainStore.m */; };
		D88E2C3F2186AB9D00D71480 /* UIImage+CCCat.m in Sources */ = {isa = PBXBuildFile; fileRef = D88E2C3E2186AB9D00D71480 /* UIImage+CCCat.m */; };
		D89AA87020947265001DE9B8 /* CC_Parser.m in Sources */ = {isa = PBXBuildFile; fileRef = D89AA86F20947265001DE9B8 /* CC_Parser.m */; };
		D8A799682109CAFB00D40B4B /* UIApplication+CCHook.m in Sources */ = {isa = PBXBuildFile; fileRef = D8A799672109CAFB00D40B4B /* UIApplication+CCHook.m */; };
		D8A7996E2109CC0300D40B4B /* UIViewController+CCHook.m in Sources */ = {isa = PBXBuildFile; fileRef = D8A7996D2109CC0300D40B4B /* UIViewController+CCHook.m */; };
		D8A799712109CC4F00D40B4B /* UINavigationController+CCHook.m in Sources */ = {isa = PBXBuildFile; fileRef = D8A799702109CC4F00D40B4B /* UINavigationController+CCHook.m */; };
		D8B0E45C1F5016EA00425D06 /* CC_GColor.m in Sources */ = {isa = PBXBuildFile; fileRef = D8B0E45B1F5016EA00425D06 /* CC_GColor.m */; };
		D8B0E4611F501EE400425D06 /* nyyh.jpg in Resources */ = {isa = PBXBuildFile; fileRef = D8B0E4601F501EE400425D06 /* nyyh.jpg */; };
		D8B759B0219A84B0008A6C80 /* CC_Loading.m in Sources */ = {isa = PBXBuildFile; fileRef = D8B759AE219A84B0008A6C80 /* CC_Loading.m */; };
		D8BCCFDF224C88B10086A3EF /* CC_WebView.m in Sources */ = {isa = PBXBuildFile; fileRef = D8BCCFDD224C88B10086A3EF /* CC_WebView.m */; };
		D8BCCFE6224CA5C00086A3EF /* RSA.m in Sources */ = {isa = PBXBuildFile; fileRef = D8BCCFE5224CA5BF0086A3EF /* RSA.m */; };
		D8BCCFE9224CA5CB0086A3EF /* CC_RSA.m in Sources */ = {isa = PBXBuildFile; fileRef = D8BCCFE7224CA5CB0086A3EF /* CC_RSA.m */; };
		D8BDAF6820FC4F49006BF14C /* CC_ResponseLogicModel.m in Sources */ = {isa = PBXBuildFile; fileRef = D8BDAF6720FC4F49006BF14C /* CC_ResponseLogicModel.m */; };
		D8C5110A2112F40C00944CB0 /* CC_HookTrack.m in Sources */ = {isa = PBXBuildFile; fileRef = D8C511082112F40C00944CB0 /* CC_HookTrack.m */; };
		D8C511D0211AE3D100944CB0 /* NSString+CCCat.m in Sources */ = {isa = PBXBuildFile; fileRef = D8C511CF211AE3D100944CB0 /* NSString+CCCat.m */; };
		D8CA1DF321912AC900CE4889 /* Reachability.m in Sources */ = {isa = PBXBuildFile; fileRef = D8CA1DF121912AC900CE4889 /* Reachability.m */; };
		D8CA1DF521913F9400CE4889 /* configure in Resources */ = {isa = PBXBuildFile; fileRef = D8CA1DF421913F9400CE4889 /* configure */; };
		D8CC62551FF25610006E2ED6 /* CC_Envirnment.m in Sources */ = {isa = PBXBuildFile; fileRef = D8CC62541FF25610006E2ED6 /* CC_Envirnment.m */; };
		D8CE47B720D28A3E00587337 /* CC_RequestRecordTool.m in Sources */ = {isa = PBXBuildFile; fileRef = D8CE47B620D28A3D00587337 /* CC_RequestRecordTool.m */; };
		D8D954002216A3DD009B6FD0 /* CC_Mask.m in Sources */ = {isa = PBXBuildFile; fileRef = D8D953FF2216A3DD009B6FD0 /* CC_Mask.m */; };
		D8DAFCD4212BE6D2009E0FEC /* CC_AES.m in Sources */ = {isa = PBXBuildFile; fileRef = D8DAFCD3212BE6D2009E0FEC /* CC_AES.m */; };
		D8DD97EB20B6A6F2000A890D /* CC_Animation.m in Sources */ = {isa = PBXBuildFile; fileRef = D8DD97EA20B6A6F2000A890D /* CC_Animation.m */; };
		D8DD97EE20B7BC02000A890D /* CC_MusicBox.m in Sources */ = {isa = PBXBuildFile; fileRef = D8DD97ED20B7BC02000A890D /* CC_MusicBox.m */; };
		D8E5FAA22239F91A00F254C8 /* NSDictionary+CCCat.m in Sources */ = {isa = PBXBuildFile; fileRef = D8E5FAA12239F91A00F254C8 /* NSDictionary+CCCat.m */; };
		D8E5FAC12240A6F200F254C8 /* CC_UploadImagesTool.m in Sources */ = {isa = PBXBuildFile; fileRef = D8E5FAC02240A6F200F254C8 /* CC_UploadImagesTool.m */; };
		D8EC6FC921240303006ECFE3 /* CC_Dictionary.m in Sources */ = {isa = PBXBuildFile; fileRef = D8EC6FC821240303006ECFE3 /* CC_Dictionary.m */; };
		D8EC6FCD212410E8006ECFE3 /* CC_AutoLabelGroup.m in Sources */ = {isa = PBXBuildFile; fileRef = D8EC6FCC212410E8006ECFE3 /* CC_AutoLabelGroup.m */; };
		D8EC6FD02124154A006ECFE3 /* testAutoLabelGroupVC.m in Sources */ = {isa = PBXBuildFile; fileRef = D8EC6FCF2124154A006ECFE3 /* testAutoLabelGroupVC.m */; };
		D8EC6FD321242380006ECFE3 /* UIButton+CCCat.m in Sources */ = {isa = PBXBuildFile; fileRef = D8EC6FD221242380006ECFE3 /* UIButton+CCCat.m */; };
		D8F2B1AD2179E9E5002748B9 /* CC_ImageView.m in Sources */ = {isa = PBXBuildFile; fileRef = D8F2B1AC2179E9E5002748B9 /* CC_ImageView.m */; };
		D8FD8F2421FB12AA00E167CE /* UIControl+CCCat.m in Sources */ = {isa = PBXBuildFile; fileRef = D8FD8F2221FB12AA00E167CE /* UIControl+CCCat.m */; };
/* End PBXBuildFile section */

/* Begin PBXContainerItemProxy section */
		18B6BD121F1F09CA0019391D /* PBXContainerItemProxy */ = {
			isa = PBXContainerItemProxy;
			containerPortal = 18B6BCF01F1F09CA0019391D /* Project object */;
			proxyType = 1;
			remoteGlobalIDString = 18B6BCF71F1F09CA0019391D;
			remoteInfo = bench_ios;
		};
		18B6BD1D1F1F09CA0019391D /* PBXContainerItemProxy */ = {
			isa = PBXContainerItemProxy;
			containerPortal = 18B6BCF01F1F09CA0019391D /* Project object */;
			proxyType = 1;
			remoteGlobalIDString = 18B6BCF71F1F09CA0019391D;
			remoteInfo = bench_ios;
		};
/* End PBXContainerItemProxy section */

/* Begin PBXFileReference section */
		188268281F4BCEC500D72048 /* CC_GCoreDataManager.h */ = {isa = PBXFileReference; fileEncoding = 4; lastKnownFileType = sourcecode.c.h; path = CC_GCoreDataManager.h; sourceTree = "<group>"; };
		188268291F4BCEC500D72048 /* CC_GCoreDataManager.m */ = {isa = PBXFileReference; fileEncoding = 4; lastKnownFileType = sourcecode.c.objc; path = CC_GCoreDataManager.m; sourceTree = "<group>"; };
		18B6BCF81F1F09CA0019391D /* bench_ios.app */ = {isa = PBXFileReference; explicitFileType = wrapper.application; includeInIndex = 0; path = bench_ios.app; sourceTree = BUILT_PRODUCTS_DIR; };
		18B6BCFC1F1F09CA0019391D /* main.m */ = {isa = PBXFileReference; lastKnownFileType = sourcecode.c.objc; path = main.m; sourceTree = "<group>"; };
		18B6BCFE1F1F09CA0019391D /* AppDelegate.h */ = {isa = PBXFileReference; lastKnownFileType = sourcecode.c.h; path = AppDelegate.h; sourceTree = "<group>"; };
		18B6BCFF1F1F09CA0019391D /* AppDelegate.m */ = {isa = PBXFileReference; lastKnownFileType = sourcecode.c.objc; path = AppDelegate.m; sourceTree = "<group>"; };
		18B6BD011F1F09CA0019391D /* ViewController.h */ = {isa = PBXFileReference; lastKnownFileType = sourcecode.c.h; path = ViewController.h; sourceTree = "<group>"; };
		18B6BD021F1F09CA0019391D /* ViewController.m */ = {isa = PBXFileReference; lastKnownFileType = sourcecode.c.objc; path = ViewController.m; sourceTree = "<group>"; };
		18B6BD051F1F09CA0019391D /* Base */ = {isa = PBXFileReference; lastKnownFileType = file.storyboard; name = Base; path = Base.lproj/Main.storyboard; sourceTree = "<group>"; };
		18B6BD071F1F09CA0019391D /* Assets.xcassets */ = {isa = PBXFileReference; lastKnownFileType = folder.assetcatalog; path = Assets.xcassets; sourceTree = "<group>"; };
		18B6BD0A1F1F09CA0019391D /* Base */ = {isa = PBXFileReference; lastKnownFileType = file.storyboard; name = Base; path = Base.lproj/LaunchScreen.storyboard; sourceTree = "<group>"; };
		18B6BD0C1F1F09CA0019391D /* Info.plist */ = {isa = PBXFileReference; lastKnownFileType = text.plist.xml; path = Info.plist; sourceTree = "<group>"; };
		18B6BD111F1F09CA0019391D /* bench_iosTests.xctest */ = {isa = PBXFileReference; explicitFileType = wrapper.cfbundle; includeInIndex = 0; path = bench_iosTests.xctest; sourceTree = BUILT_PRODUCTS_DIR; };
		18B6BD151F1F09CA0019391D /* bench_iosTests.m */ = {isa = PBXFileReference; lastKnownFileType = sourcecode.c.objc; path = bench_iosTests.m; sourceTree = "<group>"; };
		18B6BD171F1F09CA0019391D /* Info.plist */ = {isa = PBXFileReference; lastKnownFileType = text.plist.xml; path = Info.plist; sourceTree = "<group>"; };
		18B6BD1C1F1F09CA0019391D /* bench_iosUITests.xctest */ = {isa = PBXFileReference; explicitFileType = wrapper.cfbundle; includeInIndex = 0; path = bench_iosUITests.xctest; sourceTree = BUILT_PRODUCTS_DIR; };
		18B6BD201F1F09CA0019391D /* bench_iosUITests.m */ = {isa = PBXFileReference; lastKnownFileType = sourcecode.c.objc; path = bench_iosUITests.m; sourceTree = "<group>"; };
		18B6BD221F1F09CA0019391D /* Info.plist */ = {isa = PBXFileReference; lastKnownFileType = text.plist.xml; path = Info.plist; sourceTree = "<group>"; };
		18B6BD401F20C6660019391D /* CC_Share.h */ = {isa = PBXFileReference; fileEncoding = 4; lastKnownFileType = sourcecode.c.h; path = CC_Share.h; sourceTree = "<group>"; };
		18B6BD411F20C6660019391D /* CC_Share.m */ = {isa = PBXFileReference; fileEncoding = 4; lastKnownFileType = sourcecode.c.objc; path = CC_Share.m; sourceTree = "<group>"; };
		18B6BD451F21A6080019391D /* README.md */ = {isa = PBXFileReference; fileEncoding = 4; lastKnownFileType = net.daringfireball.markdown; path = README.md; sourceTree = SOURCE_ROOT; };
		18B6BD471F21A8560019391D /* bench_ios.podspec */ = {isa = PBXFileReference; fileEncoding = 4; lastKnownFileType = text; path = bench_ios.podspec; sourceTree = SOURCE_ROOT; };
		3081D9BE20FC364F00FF5B3D /* CC_UIViewExt.h */ = {isa = PBXFileReference; fileEncoding = 4; lastKnownFileType = sourcecode.c.h; path = CC_UIViewExt.h; sourceTree = "<group>"; };
		3081D9BF20FC364F00FF5B3D /* CC_UIViewExt.m */ = {isa = PBXFileReference; fileEncoding = 4; lastKnownFileType = sourcecode.c.objc; path = CC_UIViewExt.m; sourceTree = "<group>"; };
		C0354401224B82900036506A /* CC_WebView.h */ = {isa = PBXFileReference; fileEncoding = 4; lastKnownFileType = sourcecode.c.h; path = CC_WebView.h; sourceTree = "<group>"; };
		C0354402224B82900036506A /* CC_WebView.m */ = {isa = PBXFileReference; fileEncoding = 4; lastKnownFileType = sourcecode.c.objc; path = CC_WebView.m; sourceTree = "<group>"; };
		D8064C51206A28AF0096F80D /* CC_TextField.h */ = {isa = PBXFileReference; lastKnownFileType = sourcecode.c.h; path = CC_TextField.h; sourceTree = "<group>"; };
		D8064C52206A28AF0096F80D /* CC_TextField.m */ = {isa = PBXFileReference; lastKnownFileType = sourcecode.c.objc; path = CC_TextField.m; sourceTree = "<group>"; };
		D8064C57206A43F50096F80D /* CC_TextView.h */ = {isa = PBXFileReference; lastKnownFileType = sourcecode.c.h; path = CC_TextView.h; sourceTree = "<group>"; };
		D8064C58206A43F50096F80D /* CC_TextView.m */ = {isa = PBXFileReference; lastKnownFileType = sourcecode.c.objc; path = CC_TextView.m; sourceTree = "<group>"; };
		D8195F471F29CE6B00C7BADD /* CC_FormatDic.h */ = {isa = PBXFileReference; fileEncoding = 4; lastKnownFileType = sourcecode.c.h; path = CC_FormatDic.h; sourceTree = "<group>"; };
		D8195F481F29CE6B00C7BADD /* CC_FormatDic.m */ = {isa = PBXFileReference; fileEncoding = 4; lastKnownFileType = sourcecode.c.objc; path = CC_FormatDic.m; sourceTree = "<group>"; };
		D8195F491F29CE6B00C7BADD /* CC_GHttpSessionTask.h */ = {isa = PBXFileReference; fileEncoding = 4; lastKnownFileType = sourcecode.c.h; path = CC_GHttpSessionTask.h; sourceTree = "<group>"; };
		D8195F4A1F29CE6B00C7BADD /* CC_GHttpSessionTask.m */ = {isa = PBXFileReference; fileEncoding = 4; lastKnownFileType = sourcecode.c.objc; path = CC_GHttpSessionTask.m; sourceTree = "<group>"; };
		D8195F4B1F29CE6B00C7BADD /* CC_MD5Object.h */ = {isa = PBXFileReference; fileEncoding = 4; lastKnownFileType = sourcecode.c.h; path = CC_MD5Object.h; sourceTree = "<group>"; };
		D8195F4C1F29CE6B00C7BADD /* CC_MD5Object.m */ = {isa = PBXFileReference; fileEncoding = 4; lastKnownFileType = sourcecode.c.objc; path = CC_MD5Object.m; sourceTree = "<group>"; };
		D8195F521F29CEEF00C7BADD /* CC_Validate.h */ = {isa = PBXFileReference; fileEncoding = 4; lastKnownFileType = sourcecode.c.h; path = CC_Validate.h; sourceTree = "<group>"; };
		D8195F531F29CEEF00C7BADD /* CC_Validate.m */ = {isa = PBXFileReference; fileEncoding = 4; lastKnownFileType = sourcecode.c.objc; path = CC_Validate.m; sourceTree = "<group>"; };
		D823153A1F53AED3006055FB /* testColorViewController.h */ = {isa = PBXFileReference; fileEncoding = 4; lastKnownFileType = sourcecode.c.h; path = testColorViewController.h; sourceTree = "<group>"; };
		D823153B1F53AED3006055FB /* testColorViewController.m */ = {isa = PBXFileReference; fileEncoding = 4; lastKnownFileType = sourcecode.c.objc; path = testColorViewController.m; sourceTree = "<group>"; };
		D8288C482178881D000F3B89 /* model */ = {isa = PBXFileReference; lastKnownFileType = folder; path = model; sourceTree = "<group>"; };
		D8288C4A2178B01F000F3B89 /* CC_ObjectModel.h */ = {isa = PBXFileReference; lastKnownFileType = sourcecode.c.h; path = CC_ObjectModel.h; sourceTree = "<group>"; };
		D8288C4B2178B01F000F3B89 /* CC_ObjectModel.m */ = {isa = PBXFileReference; lastKnownFileType = sourcecode.c.objc; path = CC_ObjectModel.m; sourceTree = "<group>"; };
		D82CBC7421BE611100058044 /* CC_TManager.h */ = {isa = PBXFileReference; lastKnownFileType = sourcecode.c.h; path = CC_TManager.h; sourceTree = "<group>"; };
		D82CBC7521BE611100058044 /* CC_TManager.m */ = {isa = PBXFileReference; lastKnownFileType = sourcecode.c.objc; path = CC_TManager.m; sourceTree = "<group>"; };
		D82F0B99219533AF006EDF54 /* NSDate+CCCat.h */ = {isa = PBXFileReference; lastKnownFileType = sourcecode.c.h; path = "NSDate+CCCat.h"; sourceTree = "<group>"; };
		D82F0B9A219533AF006EDF54 /* NSDate+CCCat.m */ = {isa = PBXFileReference; lastKnownFileType = sourcecode.c.objc; path = "NSDate+CCCat.m"; sourceTree = "<group>"; };
		D8335336205F93F90030AB62 /* CC_HttpResponseModel.h */ = {isa = PBXFileReference; lastKnownFileType = sourcecode.c.h; path = CC_HttpResponseModel.h; sourceTree = "<group>"; };
		D8335337205F93F90030AB62 /* CC_HttpResponseModel.m */ = {isa = PBXFileReference; lastKnownFileType = sourcecode.c.objc; path = CC_HttpResponseModel.m; sourceTree = "<group>"; };
		D83507601F309D2700B7461C /* CC_DES.h */ = {isa = PBXFileReference; fileEncoding = 4; lastKnownFileType = sourcecode.c.h; path = CC_DES.h; sourceTree = "<group>"; };
		D83507611F309D2700B7461C /* CC_DES.m */ = {isa = PBXFileReference; fileEncoding = 4; lastKnownFileType = sourcecode.c.objc; path = CC_DES.m; sourceTree = "<group>"; };
		D83507781F31E2CD00B7461C /* CC_CodeClass.h */ = {isa = PBXFileReference; fileEncoding = 4; lastKnownFileType = sourcecode.c.h; path = CC_CodeClass.h; sourceTree = "<group>"; };
		D83507791F31E2CD00B7461C /* CC_CodeClass.m */ = {isa = PBXFileReference; fileEncoding = 4; lastKnownFileType = sourcecode.c.objc; path = CC_CodeClass.m; sourceTree = "<group>"; };
		D8365DD8205A2E0E00357C0F /* Prefix.pch */ = {isa = PBXFileReference; lastKnownFileType = sourcecode.c.h; path = Prefix.pch; sourceTree = "<group>"; };
		D8365DE0205A54CD00357C0F /* testUIViewController.h */ = {isa = PBXFileReference; fileEncoding = 4; lastKnownFileType = sourcecode.c.h; path = testUIViewController.h; sourceTree = "<group>"; };
		D8365DE1205A54CD00357C0F /* testUIViewController.m */ = {isa = PBXFileReference; fileEncoding = 4; lastKnownFileType = sourcecode.c.objc; path = testUIViewController.m; sourceTree = "<group>"; };
		D8365E21205A741D00357C0F /* CC_UIToolView.h */ = {isa = PBXFileReference; lastKnownFileType = sourcecode.c.h; path = CC_UIToolView.h; sourceTree = "<group>"; };
		D8365E22205A741D00357C0F /* CC_UIToolView.m */ = {isa = PBXFileReference; lastKnownFileType = sourcecode.c.objc; path = CC_UIToolView.m; sourceTree = "<group>"; };
		D8389DF7206B74D50010A04A /* CC_3DWindow.h */ = {isa = PBXFileReference; lastKnownFileType = sourcecode.c.h; path = CC_3DWindow.h; sourceTree = "<group>"; };
		D8389DF8206B74D50010A04A /* CC_3DWindow.m */ = {isa = PBXFileReference; lastKnownFileType = sourcecode.c.objc; path = CC_3DWindow.m; sourceTree = "<group>"; };
		D8389DFA206BA3680010A04A /* CC_LogicClass.h */ = {isa = PBXFileReference; lastKnownFileType = sourcecode.c.h; path = CC_LogicClass.h; sourceTree = "<group>"; };
		D8389DFB206BA3680010A04A /* CC_LogicClass.m */ = {isa = PBXFileReference; lastKnownFileType = sourcecode.c.objc; path = CC_LogicClass.m; sourceTree = "<group>"; };
		D83925FF20FDDBE70034D10F /* casGif.gif */ = {isa = PBXFileReference; lastKnownFileType = image.gif; path = casGif.gif; sourceTree = SOURCE_ROOT; };
		D839260120FEDC6F0034D10F /* testCasVC.h */ = {isa = PBXFileReference; lastKnownFileType = sourcecode.c.h; path = testCasVC.h; sourceTree = "<group>"; };
		D839260220FEDC6F0034D10F /* testCasVC.m */ = {isa = PBXFileReference; lastKnownFileType = sourcecode.c.objc; path = testCasVC.m; sourceTree = "<group>"; };
		D839260520FEDFA40034D10F /* UIView+ClassyCat.m */ = {isa = PBXFileReference; fileEncoding = 4; lastKnownFileType = sourcecode.c.objc; path = "UIView+ClassyCat.m"; sourceTree = "<group>"; };
		D839260620FEDFA40034D10F /* CC_UIAtom.m */ = {isa = PBXFileReference; fileEncoding = 4; lastKnownFileType = sourcecode.c.objc; path = CC_UIAtom.m; sourceTree = "<group>"; };
		D839260720FEDFA40034D10F /* CC_UIAtom.h */ = {isa = PBXFileReference; fileEncoding = 4; lastKnownFileType = sourcecode.c.h; path = CC_UIAtom.h; sourceTree = "<group>"; };
		D839260820FEDFA40034D10F /* CC_ClassyExtend.h */ = {isa = PBXFileReference; fileEncoding = 4; lastKnownFileType = sourcecode.c.h; path = CC_ClassyExtend.h; sourceTree = "<group>"; };
		D839260920FEDFA40034D10F /* CC_ClassyExtend.m */ = {isa = PBXFileReference; fileEncoding = 4; lastKnownFileType = sourcecode.c.objc; path = CC_ClassyExtend.m; sourceTree = "<group>"; };
		D839260A20FEDFA40034D10F /* UIView+ClassyCat.h */ = {isa = PBXFileReference; fileEncoding = 4; lastKnownFileType = sourcecode.c.h; path = "UIView+ClassyCat.h"; sourceTree = "<group>"; };
		D839261320FEDFC60034D10F /* UIViewController+CASAdditions.h */ = {isa = PBXFileReference; fileEncoding = 4; lastKnownFileType = sourcecode.c.h; path = "UIViewController+CASAdditions.h"; sourceTree = "<group>"; };
		D839261420FEDFC60034D10F /* UINavigationBar+CASAdditions.m */ = {isa = PBXFileReference; fileEncoding = 4; lastKnownFileType = sourcecode.c.objc; path = "UINavigationBar+CASAdditions.m"; sourceTree = "<group>"; };
		D839261520FEDFC60034D10F /* UISlider+CASAdditions.h */ = {isa = PBXFileReference; fileEncoding = 4; lastKnownFileType = sourcecode.c.h; path = "UISlider+CASAdditions.h"; sourceTree = "<group>"; };
		D839261620FEDFC60034D10F /* UIView+CASAdditions.h */ = {isa = PBXFileReference; fileEncoding = 4; lastKnownFileType = sourcecode.c.h; path = "UIView+CASAdditions.h"; sourceTree = "<group>"; };
		D839261720FEDFC60034D10F /* UITextField+CASAdditions.h */ = {isa = PBXFileReference; fileEncoding = 4; lastKnownFileType = sourcecode.c.h; path = "UITextField+CASAdditions.h"; sourceTree = "<group>"; };
		D839261820FEDFC60034D10F /* UITabBar+CASAdditions.m */ = {isa = PBXFileReference; fileEncoding = 4; lastKnownFileType = sourcecode.c.objc; path = "UITabBar+CASAdditions.m"; sourceTree = "<group>"; };
		D839261920FEDFC60034D10F /* UIToolbar+CASAdditions.h */ = {isa = PBXFileReference; fileEncoding = 4; lastKnownFileType = sourcecode.c.h; path = "UIToolbar+CASAdditions.h"; sourceTree = "<group>"; };
		D839261A20FEDFC60034D10F /* UIColor+CASAdditions.h */ = {isa = PBXFileReference; fileEncoding = 4; lastKnownFileType = sourcecode.c.h; path = "UIColor+CASAdditions.h"; sourceTree = "<group>"; };
		D839261B20FEDFC60034D10F /* NSObject+CASSwizzle.m */ = {isa = PBXFileReference; fileEncoding = 4; lastKnownFileType = sourcecode.c.objc; path = "NSObject+CASSwizzle.m"; sourceTree = "<group>"; };
		D839261C20FEDFC60034D10F /* NSRegularExpression+CASAdditions.m */ = {isa = PBXFileReference; fileEncoding = 4; lastKnownFileType = sourcecode.c.objc; path = "NSRegularExpression+CASAdditions.m"; sourceTree = "<group>"; };
		D839261D20FEDFC60034D10F /* CASStyleableItem.h */ = {isa = PBXFileReference; fileEncoding = 4; lastKnownFileType = sourcecode.c.h; path = CASStyleableItem.h; sourceTree = "<group>"; };
		D839261E20FEDFC60034D10F /* NSString+CASAdditions.h */ = {isa = PBXFileReference; fileEncoding = 4; lastKnownFileType = sourcecode.c.h; path = "NSString+CASAdditions.h"; sourceTree = "<group>"; };
		D839261F20FEDFC60034D10F /* UIBarItem+CASAdditions.m */ = {isa = PBXFileReference; fileEncoding = 4; lastKnownFileType = sourcecode.c.objc; path = "UIBarItem+CASAdditions.m"; sourceTree = "<group>"; };
		D839262020FEDFC60034D10F /* UIView+CASAdditions.m */ = {isa = PBXFileReference; fileEncoding = 4; lastKnownFileType = sourcecode.c.objc; path = "UIView+CASAdditions.m"; sourceTree = "<group>"; };
		D839262120FEDFC60034D10F /* UISlider+CASAdditions.m */ = {isa = PBXFileReference; fileEncoding = 4; lastKnownFileType = sourcecode.c.objc; path = "UISlider+CASAdditions.m"; sourceTree = "<group>"; };
		D839262220FEDFC60034D10F /* UINavigationBar+CASAdditions.h */ = {isa = PBXFileReference; fileEncoding = 4; lastKnownFileType = sourcecode.c.h; path = "UINavigationBar+CASAdditions.h"; sourceTree = "<group>"; };
		D839262320FEDFC60034D10F /* UIViewController+CASAdditions.m */ = {isa = PBXFileReference; fileEncoding = 4; lastKnownFileType = sourcecode.c.objc; path = "UIViewController+CASAdditions.m"; sourceTree = "<group>"; };
		D839262420FEDFC60034D10F /* UITabBar+CASAdditions.h */ = {isa = PBXFileReference; fileEncoding = 4; lastKnownFileType = sourcecode.c.h; path = "UITabBar+CASAdditions.h"; sourceTree = "<group>"; };
		D839262520FEDFC60034D10F /* UIToolbar+CASAdditions.m */ = {isa = PBXFileReference; fileEncoding = 4; lastKnownFileType = sourcecode.c.objc; path = "UIToolbar+CASAdditions.m"; sourceTree = "<group>"; };
		D839262620FEDFC60034D10F /* UITextField+CASAdditions.m */ = {isa = PBXFileReference; fileEncoding = 4; lastKnownFileType = sourcecode.c.objc; path = "UITextField+CASAdditions.m"; sourceTree = "<group>"; };
		D839262720FEDFC60034D10F /* UIColor+CASAdditions.m */ = {isa = PBXFileReference; fileEncoding = 4; lastKnownFileType = sourcecode.c.objc; path = "UIColor+CASAdditions.m"; sourceTree = "<group>"; };
		D839262820FEDFC60034D10F /* UIBarItem+CASAdditions.h */ = {isa = PBXFileReference; fileEncoding = 4; lastKnownFileType = sourcecode.c.h; path = "UIBarItem+CASAdditions.h"; sourceTree = "<group>"; };
		D839262920FEDFC60034D10F /* NSString+CASAdditions.m */ = {isa = PBXFileReference; fileEncoding = 4; lastKnownFileType = sourcecode.c.objc; path = "NSString+CASAdditions.m"; sourceTree = "<group>"; };
		D839262A20FEDFC60034D10F /* NSRegularExpression+CASAdditions.h */ = {isa = PBXFileReference; fileEncoding = 4; lastKnownFileType = sourcecode.c.h; path = "NSRegularExpression+CASAdditions.h"; sourceTree = "<group>"; };
		D839262B20FEDFC60034D10F /* NSObject+CASSwizzle.h */ = {isa = PBXFileReference; fileEncoding = 4; lastKnownFileType = sourcecode.c.h; path = "NSObject+CASSwizzle.h"; sourceTree = "<group>"; };
		D839262D20FEDFC60034D10F /* CASStyleProperty.h */ = {isa = PBXFileReference; fileEncoding = 4; lastKnownFileType = sourcecode.c.h; path = CASStyleProperty.h; sourceTree = "<group>"; };
		D839262E20FEDFC60034D10F /* CASInvocation.m */ = {isa = PBXFileReference; fileEncoding = 4; lastKnownFileType = sourcecode.c.objc; path = CASInvocation.m; sourceTree = "<group>"; };
		D839262F20FEDFC60034D10F /* CASExpressionSolver.m */ = {isa = PBXFileReference; fileEncoding = 4; lastKnownFileType = sourcecode.c.objc; path = CASExpressionSolver.m; sourceTree = "<group>"; };
		D839263020FEDFC60034D10F /* CASToken.m */ = {isa = PBXFileReference; fileEncoding = 4; lastKnownFileType = sourcecode.c.objc; path = CASToken.m; sourceTree = "<group>"; };
		D839263120FEDFC60034D10F /* CASLexer.m */ = {isa = PBXFileReference; fileEncoding = 4; lastKnownFileType = sourcecode.c.objc; path = CASLexer.m; sourceTree = "<group>"; };
		D839263220FEDFC60034D10F /* CASDeviceSelector.m */ = {isa = PBXFileReference; fileEncoding = 4; lastKnownFileType = sourcecode.c.objc; path = CASDeviceSelector.m; sourceTree = "<group>"; };
		D839263320FEDFC60034D10F /* CASUnitToken.h */ = {isa = PBXFileReference; fileEncoding = 4; lastKnownFileType = sourcecode.c.h; path = CASUnitToken.h; sourceTree = "<group>"; };
		D839263420FEDFC60034D10F /* CASStyleNode.h */ = {isa = PBXFileReference; fileEncoding = 4; lastKnownFileType = sourcecode.c.h; path = CASStyleNode.h; sourceTree = "<group>"; };
		D839263520FEDFC60034D10F /* CASStyler.h */ = {isa = PBXFileReference; fileEncoding = 4; lastKnownFileType = sourcecode.c.h; path = CASStyler.h; sourceTree = "<group>"; };
		D839263620FEDFC60034D10F /* CASDeviceTypeItem.m */ = {isa = PBXFileReference; fileEncoding = 4; lastKnownFileType = sourcecode.c.objc; path = CASDeviceTypeItem.m; sourceTree = "<group>"; };
		D839263720FEDFC60034D10F /* CASUtilities.m */ = {isa = PBXFileReference; fileEncoding = 4; lastKnownFileType = sourcecode.c.objc; path = CASUtilities.m; sourceTree = "<group>"; };
		D839263820FEDFC60034D10F /* CASStyleSelector.m */ = {isa = PBXFileReference; fileEncoding = 4; lastKnownFileType = sourcecode.c.objc; path = CASStyleSelector.m; sourceTree = "<group>"; };
		D839263920FEDFC60034D10F /* CASParser.m */ = {isa = PBXFileReference; fileEncoding = 4; lastKnownFileType = sourcecode.c.objc; path = CASParser.m; sourceTree = "<group>"; };
		D839263A20FEDFC60034D10F /* CASDeviceOSVersionItem.m */ = {isa = PBXFileReference; fileEncoding = 4; lastKnownFileType = sourcecode.c.objc; path = CASDeviceOSVersionItem.m; sourceTree = "<group>"; };
		D839263B20FEDFC60034D10F /* CASTextAttributes.h */ = {isa = PBXFileReference; fileEncoding = 4; lastKnownFileType = sourcecode.c.h; path = CASTextAttributes.h; sourceTree = "<group>"; };
		D839263C20FEDFC60034D10F /* CASLexer.h */ = {isa = PBXFileReference; fileEncoding = 4; lastKnownFileType = sourcecode.c.h; path = CASLexer.h; sourceTree = "<group>"; };
		D839263D20FEDFC60034D10F /* CASToken.h */ = {isa = PBXFileReference; fileEncoding = 4; lastKnownFileType = sourcecode.c.h; path = CASToken.h; sourceTree = "<group>"; };
		D839263E20FEDFC60034D10F /* CASDeviceSelectorItem.h */ = {isa = PBXFileReference; fileEncoding = 4; lastKnownFileType = sourcecode.c.h; path = CASDeviceSelectorItem.h; sourceTree = "<group>"; };
		D839263F20FEDFC60034D10F /* CASExpressionSolver.h */ = {isa = PBXFileReference; fileEncoding = 4; lastKnownFileType = sourcecode.c.h; path = CASExpressionSolver.h; sourceTree = "<group>"; };
		D839264020FEDFC60034D10F /* CASInvocation.h */ = {isa = PBXFileReference; fileEncoding = 4; lastKnownFileType = sourcecode.c.h; path = CASInvocation.h; sourceTree = "<group>"; };
		D839264120FEDFC60034D10F /* CASStyleProperty.m */ = {isa = PBXFileReference; fileEncoding = 4; lastKnownFileType = sourcecode.c.objc; path = CASStyleProperty.m; sourceTree = "<group>"; };
		D839264220FEDFC60034D10F /* CASStyler.m */ = {isa = PBXFileReference; fileEncoding = 4; lastKnownFileType = sourcecode.c.objc; path = CASStyler.m; sourceTree = "<group>"; };
		D839264320FEDFC60034D10F /* CASStyleNode.m */ = {isa = PBXFileReference; fileEncoding = 4; lastKnownFileType = sourcecode.c.objc; path = CASStyleNode.m; sourceTree = "<group>"; };
		D839264420FEDFC60034D10F /* CASUnitToken.m */ = {isa = PBXFileReference; fileEncoding = 4; lastKnownFileType = sourcecode.c.objc; path = CASUnitToken.m; sourceTree = "<group>"; };
		D839264520FEDFC60034D10F /* CASDeviceSelector.h */ = {isa = PBXFileReference; fileEncoding = 4; lastKnownFileType = sourcecode.c.h; path = CASDeviceSelector.h; sourceTree = "<group>"; };
		D839264620FEDFC60034D10F /* CASParser.h */ = {isa = PBXFileReference; fileEncoding = 4; lastKnownFileType = sourcecode.c.h; path = CASParser.h; sourceTree = "<group>"; };
		D839264720FEDFC60034D10F /* CASStyleSelector.h */ = {isa = PBXFileReference; fileEncoding = 4; lastKnownFileType = sourcecode.c.h; path = CASStyleSelector.h; sourceTree = "<group>"; };
		D839264820FEDFC60034D10F /* CASUtilities.h */ = {isa = PBXFileReference; fileEncoding = 4; lastKnownFileType = sourcecode.c.h; path = CASUtilities.h; sourceTree = "<group>"; };
		D839264920FEDFC60034D10F /* CASDeviceTypeItem.h */ = {isa = PBXFileReference; fileEncoding = 4; lastKnownFileType = sourcecode.c.h; path = CASDeviceTypeItem.h; sourceTree = "<group>"; };
		D839264A20FEDFC60034D10F /* CASTextAttributes.m */ = {isa = PBXFileReference; fileEncoding = 4; lastKnownFileType = sourcecode.c.objc; path = CASTextAttributes.m; sourceTree = "<group>"; };
		D839264B20FEDFC60034D10F /* CASDeviceOSVersionItem.h */ = {isa = PBXFileReference; fileEncoding = 4; lastKnownFileType = sourcecode.c.h; path = CASDeviceOSVersionItem.h; sourceTree = "<group>"; };
		D839264C20FEDFC60034D10F /* Classy.h */ = {isa = PBXFileReference; fileEncoding = 4; lastKnownFileType = sourcecode.c.h; path = Classy.h; sourceTree = "<group>"; };
		D839264E20FEDFC60034D10F /* CASPropertyDescriptor.m */ = {isa = PBXFileReference; fileEncoding = 4; lastKnownFileType = sourcecode.c.objc; path = CASPropertyDescriptor.m; sourceTree = "<group>"; };
		D839264F20FEDFC60034D10F /* CASRuntimeExtensions.h */ = {isa = PBXFileReference; fileEncoding = 4; lastKnownFileType = sourcecode.c.h; path = CASRuntimeExtensions.h; sourceTree = "<group>"; };
		D839265020FEDFC60034D10F /* CASArgumentDescriptor.h */ = {isa = PBXFileReference; fileEncoding = 4; lastKnownFileType = sourcecode.c.h; path = CASArgumentDescriptor.h; sourceTree = "<group>"; };
		D839265120FEDFC60034D10F /* CASObjectClassDescriptor.m */ = {isa = PBXFileReference; fileEncoding = 4; lastKnownFileType = sourcecode.c.objc; path = CASObjectClassDescriptor.m; sourceTree = "<group>"; };
		D839265220FEDFC60034D10F /* CASRuntimeExtensions.m */ = {isa = PBXFileReference; fileEncoding = 4; lastKnownFileType = sourcecode.c.objc; path = CASRuntimeExtensions.m; sourceTree = "<group>"; };
		D839265320FEDFC60034D10F /* CASPropertyDescriptor.h */ = {isa = PBXFileReference; fileEncoding = 4; lastKnownFileType = sourcecode.c.h; path = CASPropertyDescriptor.h; sourceTree = "<group>"; };
		D839265420FEDFC60034D10F /* CASArgumentDescriptor.m */ = {isa = PBXFileReference; fileEncoding = 4; lastKnownFileType = sourcecode.c.objc; path = CASArgumentDescriptor.m; sourceTree = "<group>"; };
		D839265520FEDFC60034D10F /* CASObjectClassDescriptor.h */ = {isa = PBXFileReference; fileEncoding = 4; lastKnownFileType = sourcecode.c.h; path = CASObjectClassDescriptor.h; sourceTree = "<group>"; };
		D839267920FEE07B0034D10F /* gwh.cas */ = {isa = PBXFileReference; fileEncoding = 4; lastKnownFileType = text; path = gwh.cas; sourceTree = "<group>"; };
		D839267B20FEE07F0034D10F /* stylesheet.cas */ = {isa = PBXFileReference; fileEncoding = 4; lastKnownFileType = text; path = stylesheet.cas; sourceTree = "<group>"; };
		D83926C121017CDA0034D10F /* UIView+CCLayout.h */ = {isa = PBXFileReference; lastKnownFileType = sourcecode.c.h; path = "UIView+CCLayout.h"; sourceTree = "<group>"; };
		D83926C221017CDA0034D10F /* UIView+CCLayout.m */ = {isa = PBXFileReference; lastKnownFileType = sourcecode.c.objc; path = "UIView+CCLayout.m"; sourceTree = "<group>"; };
		D83B73322068A170000F81F8 /* CC_Note.h */ = {isa = PBXFileReference; lastKnownFileType = sourcecode.c.h; path = CC_Note.h; sourceTree = "<group>"; };
		D83B73332068A170000F81F8 /* CC_Note.m */ = {isa = PBXFileReference; lastKnownFileType = sourcecode.c.objc; path = CC_Note.m; sourceTree = "<group>"; };
		D83B74DD2068FD9F000F81F8 /* CC_View.h */ = {isa = PBXFileReference; lastKnownFileType = sourcecode.c.h; path = CC_View.h; sourceTree = "<group>"; };
		D83B74DE2068FD9F000F81F8 /* CC_View.m */ = {isa = PBXFileReference; lastKnownFileType = sourcecode.c.objc; path = CC_View.m; sourceTree = "<group>"; };
		D83EBBF51FEB5BA700B94D6F /* CC_Array.h */ = {isa = PBXFileReference; fileEncoding = 4; lastKnownFileType = sourcecode.c.h; path = CC_Array.h; sourceTree = "<group>"; };
		D83EBBF61FEB5BA700B94D6F /* CC_Array.m */ = {isa = PBXFileReference; fileEncoding = 4; lastKnownFileType = sourcecode.c.objc; path = CC_Array.m; sourceTree = "<group>"; };
		D83EBBF71FEB5BA700B94D6F /* CC_AttributedStr.h */ = {isa = PBXFileReference; fileEncoding = 4; lastKnownFileType = sourcecode.c.h; path = CC_AttributedStr.h; sourceTree = "<group>"; };
		D83EBBF81FEB5BA700B94D6F /* CC_AttributedStr.m */ = {isa = PBXFileReference; fileEncoding = 4; lastKnownFileType = sourcecode.c.objc; path = CC_AttributedStr.m; sourceTree = "<group>"; };
		D83EBBF91FEB5BA700B94D6F /* CC_Button.h */ = {isa = PBXFileReference; fileEncoding = 4; lastKnownFileType = sourcecode.c.h; path = CC_Button.h; sourceTree = "<group>"; };
		D83EBBFA1FEB5BA700B94D6F /* CC_Button.m */ = {isa = PBXFileReference; fileEncoding = 4; lastKnownFileType = sourcecode.c.objc; path = CC_Button.m; sourceTree = "<group>"; };
		D83EBBFB1FEB5BA700B94D6F /* CC_Image.h */ = {isa = PBXFileReference; fileEncoding = 4; lastKnownFileType = sourcecode.c.h; path = CC_Image.h; sourceTree = "<group>"; };
		D83EBBFC1FEB5BA700B94D6F /* CC_Image.m */ = {isa = PBXFileReference; fileEncoding = 4; lastKnownFileType = sourcecode.c.objc; path = CC_Image.m; sourceTree = "<group>"; };
		D83EBBFD1FEB5BA700B94D6F /* CC_Label.h */ = {isa = PBXFileReference; fileEncoding = 4; lastKnownFileType = sourcecode.c.h; path = CC_Label.h; sourceTree = "<group>"; };
		D83EBBFE1FEB5BA700B94D6F /* CC_Label.m */ = {isa = PBXFileReference; fileEncoding = 4; lastKnownFileType = sourcecode.c.objc; path = CC_Label.m; sourceTree = "<group>"; };
		D83EBBFF1FEB5BA700B94D6F /* CC_Notice.h */ = {isa = PBXFileReference; fileEncoding = 4; lastKnownFileType = sourcecode.c.h; path = CC_Notice.h; sourceTree = "<group>"; };
		D83EBC001FEB5BA700B94D6F /* CC_Notice.m */ = {isa = PBXFileReference; fileEncoding = 4; lastKnownFileType = sourcecode.c.objc; path = CC_Notice.m; sourceTree = "<group>"; };
		D83EBC081FEB5CBC00B94D6F /* CC_UIHelper.h */ = {isa = PBXFileReference; fileEncoding = 4; lastKnownFileType = sourcecode.c.h; path = CC_UIHelper.h; sourceTree = "<group>"; };
		D83EBC091FEB5CBC00B94D6F /* CC_UIHelper.m */ = {isa = PBXFileReference; fileEncoding = 4; lastKnownFileType = sourcecode.c.objc; path = CC_UIHelper.m; sourceTree = "<group>"; };
		D83EBC0E1FEB646100B94D6F /* PlatformConfig.h */ = {isa = PBXFileReference; lastKnownFileType = sourcecode.c.h; path = PlatformConfig.h; sourceTree = "<group>"; };
		D84649A1218FFDA900F33451 /* CC_HttpConfigure.h */ = {isa = PBXFileReference; lastKnownFileType = sourcecode.c.h; path = CC_HttpConfigure.h; sourceTree = "<group>"; };
		D84649A2218FFDA900F33451 /* CC_HttpConfigure.m */ = {isa = PBXFileReference; lastKnownFileType = sourcecode.c.objc; path = CC_HttpConfigure.m; sourceTree = "<group>"; };
		D85BFC8E2193DBA400F567EF /* test.plist */ = {isa = PBXFileReference; lastKnownFileType = text.plist.xml; path = test.plist; sourceTree = "<group>"; };
		D85BFC99219409FC00F567EF /* NSMutableDictionary+CCCat.h */ = {isa = PBXFileReference; lastKnownFileType = sourcecode.c.h; path = "NSMutableDictionary+CCCat.h"; sourceTree = "<group>"; };
		D85BFC9A219409FC00F567EF /* NSMutableDictionary+CCCat.m */ = {isa = PBXFileReference; lastKnownFileType = sourcecode.c.objc; path = "NSMutableDictionary+CCCat.m"; sourceTree = "<group>"; };
		D8678D9721D073F100E04986 /* NSObject+CCCat.m */ = {isa = PBXFileReference; fileEncoding = 4; lastKnownFileType = sourcecode.c.objc; path = "NSObject+CCCat.m"; sourceTree = "<group>"; };
		D8678D9821D073F100E04986 /* NSObject+CCCat.h */ = {isa = PBXFileReference; fileEncoding = 4; lastKnownFileType = sourcecode.c.h; path = "NSObject+CCCat.h"; sourceTree = "<group>"; };
		D86F4C9B20883841000DF173 /* CC_Date.h */ = {isa = PBXFileReference; lastKnownFileType = sourcecode.c.h; path = CC_Date.h; sourceTree = "<group>"; };
		D86F4C9C20883841000DF173 /* CC_Date.m */ = {isa = PBXFileReference; lastKnownFileType = sourcecode.c.objc; path = CC_Date.m; sourceTree = "<group>"; };
		D876FE861FB0514B0094C274 /* panda.plist */ = {isa = PBXFileReference; lastKnownFileType = text.plist.xml; path = panda.plist; sourceTree = "<group>"; };
		D883EEF4200E37910062A6C6 /* GTMBase64.m */ = {isa = PBXFileReference; fileEncoding = 4; lastKnownFileType = sourcecode.c.objc; path = GTMBase64.m; sourceTree = "<group>"; };
		D883EEF5200E37910062A6C6 /* GTMBase64.h */ = {isa = PBXFileReference; fileEncoding = 4; lastKnownFileType = sourcecode.c.h; path = GTMBase64.h; sourceTree = "<group>"; };
		D883EEF6200E37910062A6C6 /* LCdes.h */ = {isa = PBXFileReference; fileEncoding = 4; lastKnownFileType = sourcecode.c.h; path = LCdes.h; sourceTree = "<group>"; };
		D883EEF7200E37910062A6C6 /* LCdes.m */ = {isa = PBXFileReference; fileEncoding = 4; lastKnownFileType = sourcecode.c.objc; path = LCdes.m; sourceTree = "<group>"; };
		D883EEF8200E37910062A6C6 /* GTMDefines.h */ = {isa = PBXFileReference; fileEncoding = 4; lastKnownFileType = sourcecode.c.h; path = GTMDefines.h; sourceTree = "<group>"; };
		D88C293E212CFCC500828AA6 /* test1.png */ = {isa = PBXFileReference; lastKnownFileType = image.png; path = test1.png; sourceTree = "<group>"; };
		D88C2940212CFCD000828AA6 /* test2.png */ = {isa = PBXFileReference; lastKnownFileType = image.png; path = test2.png; sourceTree = "<group>"; };
		D88C2964212EAF3E00828AA6 /* CC_KeyChainStore.h */ = {isa = PBXFileReference; fileEncoding = 4; lastKnownFileType = sourcecode.c.h; path = CC_KeyChainStore.h; sourceTree = "<group>"; };
		D88C2965212EAF3E00828AA6 /* CC_KeyChainStore.m */ = {isa = PBXFileReference; fileEncoding = 4; lastKnownFileType = sourcecode.c.objc; path = CC_KeyChainStore.m; sourceTree = "<group>"; };
		D88E2C3D2186AB9D00D71480 /* UIImage+CCCat.h */ = {isa = PBXFileReference; fileEncoding = 4; lastKnownFileType = sourcecode.c.h; path = "UIImage+CCCat.h"; sourceTree = "<group>"; };
		D88E2C3E2186AB9D00D71480 /* UIImage+CCCat.m */ = {isa = PBXFileReference; fileEncoding = 4; lastKnownFileType = sourcecode.c.objc; path = "UIImage+CCCat.m"; sourceTree = "<group>"; };
		D89AA86E20947265001DE9B8 /* CC_Parser.h */ = {isa = PBXFileReference; lastKnownFileType = sourcecode.c.h; path = CC_Parser.h; sourceTree = "<group>"; };
		D89AA86F20947265001DE9B8 /* CC_Parser.m */ = {isa = PBXFileReference; lastKnownFileType = sourcecode.c.objc; path = CC_Parser.m; sourceTree = "<group>"; };
		D8A799662109CAFB00D40B4B /* UIApplication+CCHook.h */ = {isa = PBXFileReference; lastKnownFileType = sourcecode.c.h; path = "UIApplication+CCHook.h"; sourceTree = "<group>"; };
		D8A799672109CAFB00D40B4B /* UIApplication+CCHook.m */ = {isa = PBXFileReference; lastKnownFileType = sourcecode.c.objc; path = "UIApplication+CCHook.m"; sourceTree = "<group>"; };
		D8A7996C2109CC0300D40B4B /* UIViewController+CCHook.h */ = {isa = PBXFileReference; lastKnownFileType = sourcecode.c.h; path = "UIViewController+CCHook.h"; sourceTree = "<group>"; };
		D8A7996D2109CC0300D40B4B /* UIViewController+CCHook.m */ = {isa = PBXFileReference; lastKnownFileType = sourcecode.c.objc; path = "UIViewController+CCHook.m"; sourceTree = "<group>"; };
		D8A7996F2109CC4F00D40B4B /* UINavigationController+CCHook.h */ = {isa = PBXFileReference; lastKnownFileType = sourcecode.c.h; path = "UINavigationController+CCHook.h"; sourceTree = "<group>"; };
		D8A799702109CC4F00D40B4B /* UINavigationController+CCHook.m */ = {isa = PBXFileReference; lastKnownFileType = sourcecode.c.objc; path = "UINavigationController+CCHook.m"; sourceTree = "<group>"; };
		D8B0E45A1F5016EA00425D06 /* CC_GColor.h */ = {isa = PBXFileReference; fileEncoding = 4; lastKnownFileType = sourcecode.c.h; path = CC_GColor.h; sourceTree = "<group>"; };
		D8B0E45B1F5016EA00425D06 /* CC_GColor.m */ = {isa = PBXFileReference; fileEncoding = 4; lastKnownFileType = sourcecode.c.objc; path = CC_GColor.m; sourceTree = "<group>"; };
		D8B0E4601F501EE400425D06 /* nyyh.jpg */ = {isa = PBXFileReference; lastKnownFileType = image.jpeg; path = nyyh.jpg; sourceTree = "<group>"; };
		D8B759AE219A84B0008A6C80 /* CC_Loading.m */ = {isa = PBXFileReference; fileEncoding = 4; lastKnownFileType = sourcecode.c.objc; path = CC_Loading.m; sourceTree = "<group>"; };
		D8B759AF219A84B0008A6C80 /* CC_Loading.h */ = {isa = PBXFileReference; fileEncoding = 4; lastKnownFileType = sourcecode.c.h; path = CC_Loading.h; sourceTree = "<group>"; };
		D8BCCFDD224C88B10086A3EF /* CC_WebView.m */ = {isa = PBXFileReference; fileEncoding = 4; lastKnownFileType = sourcecode.c.objc; path = CC_WebView.m; sourceTree = "<group>"; };
		D8BCCFDE224C88B10086A3EF /* CC_WebView.h */ = {isa = PBXFileReference; fileEncoding = 4; lastKnownFileType = sourcecode.c.h; path = CC_WebView.h; sourceTree = "<group>"; };
		D8BCCFE4224CA5BF0086A3EF /* RSA.h */ = {isa = PBXFileReference; fileEncoding = 4; lastKnownFileType = sourcecode.c.h; path = RSA.h; sourceTree = "<group>"; };
		D8BCCFE5224CA5BF0086A3EF /* RSA.m */ = {isa = PBXFileReference; fileEncoding = 4; lastKnownFileType = sourcecode.c.objc; path = RSA.m; sourceTree = "<group>"; };
		D8BCCFE7224CA5CB0086A3EF /* CC_RSA.m */ = {isa = PBXFileReference; fileEncoding = 4; lastKnownFileType = sourcecode.c.objc; path = CC_RSA.m; sourceTree = "<group>"; };
		D8BCCFE8224CA5CB0086A3EF /* CC_RSA.h */ = {isa = PBXFileReference; fileEncoding = 4; lastKnownFileType = sourcecode.c.h; path = CC_RSA.h; sourceTree = "<group>"; };
		D8BDAF6620FC4F49006BF14C /* CC_ResponseLogicModel.h */ = {isa = PBXFileReference; lastKnownFileType = sourcecode.c.h; path = CC_ResponseLogicModel.h; sourceTree = "<group>"; };
		D8BDAF6720FC4F49006BF14C /* CC_ResponseLogicModel.m */ = {isa = PBXFileReference; lastKnownFileType = sourcecode.c.objc; path = CC_ResponseLogicModel.m; sourceTree = "<group>"; };
		D8C511082112F40C00944CB0 /* CC_HookTrack.m */ = {isa = PBXFileReference; fileEncoding = 4; lastKnownFileType = sourcecode.c.objc; path = CC_HookTrack.m; sourceTree = "<group>"; };
		D8C511092112F40C00944CB0 /* CC_HookTrack.h */ = {isa = PBXFileReference; fileEncoding = 4; lastKnownFileType = sourcecode.c.h; path = CC_HookTrack.h; sourceTree = "<group>"; };
		D8C511CE211AE3D100944CB0 /* NSString+CCCat.h */ = {isa = PBXFileReference; lastKnownFileType = sourcecode.c.h; path = "NSString+CCCat.h"; sourceTree = "<group>"; };
		D8C511CF211AE3D100944CB0 /* NSString+CCCat.m */ = {isa = PBXFileReference; lastKnownFileType = sourcecode.c.objc; path = "NSString+CCCat.m"; sourceTree = "<group>"; };
		D8CA1DF121912AC900CE4889 /* Reachability.m */ = {isa = PBXFileReference; fileEncoding = 4; lastKnownFileType = sourcecode.c.objc; path = Reachability.m; sourceTree = "<group>"; };
		D8CA1DF221912AC900CE4889 /* Reachability.h */ = {isa = PBXFileReference; fileEncoding = 4; lastKnownFileType = sourcecode.c.h; path = Reachability.h; sourceTree = "<group>"; };
		D8CA1DF421913F9400CE4889 /* configure */ = {isa = PBXFileReference; lastKnownFileType = folder; path = configure; sourceTree = "<group>"; };
		D8CC62531FF25610006E2ED6 /* CC_Envirnment.h */ = {isa = PBXFileReference; lastKnownFileType = sourcecode.c.h; path = CC_Envirnment.h; sourceTree = "<group>"; };
		D8CC62541FF25610006E2ED6 /* CC_Envirnment.m */ = {isa = PBXFileReference; lastKnownFileType = sourcecode.c.objc; path = CC_Envirnment.m; sourceTree = "<group>"; };
		D8CE47B520D28A3D00587337 /* CC_RequestRecordTool.h */ = {isa = PBXFileReference; fileEncoding = 4; lastKnownFileType = sourcecode.c.h; path = CC_RequestRecordTool.h; sourceTree = "<group>"; };
		D8CE47B620D28A3D00587337 /* CC_RequestRecordTool.m */ = {isa = PBXFileReference; fileEncoding = 4; lastKnownFileType = sourcecode.c.objc; path = CC_RequestRecordTool.m; sourceTree = "<group>"; };
		D8D953FE2216A3DD009B6FD0 /* CC_Mask.h */ = {isa = PBXFileReference; lastKnownFileType = sourcecode.c.h; path = CC_Mask.h; sourceTree = "<group>"; };
		D8D953FF2216A3DD009B6FD0 /* CC_Mask.m */ = {isa = PBXFileReference; lastKnownFileType = sourcecode.c.objc; path = CC_Mask.m; sourceTree = "<group>"; };
		D8DAFCD2212BE6D2009E0FEC /* CC_AES.h */ = {isa = PBXFileReference; fileEncoding = 4; lastKnownFileType = sourcecode.c.h; path = CC_AES.h; sourceTree = "<group>"; };
		D8DAFCD3212BE6D2009E0FEC /* CC_AES.m */ = {isa = PBXFileReference; fileEncoding = 4; lastKnownFileType = sourcecode.c.objc; path = CC_AES.m; sourceTree = "<group>"; };
		D8DD97E920B6A6F2000A890D /* CC_Animation.h */ = {isa = PBXFileReference; lastKnownFileType = sourcecode.c.h; path = CC_Animation.h; sourceTree = "<group>"; };
		D8DD97EA20B6A6F2000A890D /* CC_Animation.m */ = {isa = PBXFileReference; lastKnownFileType = sourcecode.c.objc; path = CC_Animation.m; sourceTree = "<group>"; };
		D8DD97EC20B7BC02000A890D /* CC_MusicBox.h */ = {isa = PBXFileReference; lastKnownFileType = sourcecode.c.h; path = CC_MusicBox.h; sourceTree = "<group>"; };
		D8DD97ED20B7BC02000A890D /* CC_MusicBox.m */ = {isa = PBXFileReference; lastKnownFileType = sourcecode.c.objc; path = CC_MusicBox.m; sourceTree = "<group>"; };
		D8E5FAA02239F91A00F254C8 /* NSDictionary+CCCat.h */ = {isa = PBXFileReference; fileEncoding = 4; lastKnownFileType = sourcecode.c.h; path = "NSDictionary+CCCat.h"; sourceTree = "<group>"; };
		D8E5FAA12239F91A00F254C8 /* NSDictionary+CCCat.m */ = {isa = PBXFileReference; fileEncoding = 4; lastKnownFileType = sourcecode.c.objc; path = "NSDictionary+CCCat.m"; sourceTree = "<group>"; };
		D8E5FABF2240A6F200F254C8 /* CC_UploadImagesTool.h */ = {isa = PBXFileReference; fileEncoding = 4; lastKnownFileType = sourcecode.c.h; path = CC_UploadImagesTool.h; sourceTree = "<group>"; };
		D8E5FAC02240A6F200F254C8 /* CC_UploadImagesTool.m */ = {isa = PBXFileReference; fileEncoding = 4; lastKnownFileType = sourcecode.c.objc; path = CC_UploadImagesTool.m; sourceTree = "<group>"; };
		D8EC6FC721240303006ECFE3 /* CC_Dictionary.h */ = {isa = PBXFileReference; lastKnownFileType = sourcecode.c.h; path = CC_Dictionary.h; sourceTree = "<group>"; };
		D8EC6FC821240303006ECFE3 /* CC_Dictionary.m */ = {isa = PBXFileReference; lastKnownFileType = sourcecode.c.objc; path = CC_Dictionary.m; sourceTree = "<group>"; };
		D8EC6FCB212410E8006ECFE3 /* CC_AutoLabelGroup.h */ = {isa = PBXFileReference; lastKnownFileType = sourcecode.c.h; path = CC_AutoLabelGroup.h; sourceTree = "<group>"; };
		D8EC6FCC212410E8006ECFE3 /* CC_AutoLabelGroup.m */ = {isa = PBXFileReference; lastKnownFileType = sourcecode.c.objc; path = CC_AutoLabelGroup.m; sourceTree = "<group>"; };
		D8EC6FCE2124154A006ECFE3 /* testAutoLabelGroupVC.h */ = {isa = PBXFileReference; lastKnownFileType = sourcecode.c.h; path = testAutoLabelGroupVC.h; sourceTree = "<group>"; };
		D8EC6FCF2124154A006ECFE3 /* testAutoLabelGroupVC.m */ = {isa = PBXFileReference; lastKnownFileType = sourcecode.c.objc; path = testAutoLabelGroupVC.m; sourceTree = "<group>"; };
		D8EC6FD121242380006ECFE3 /* UIButton+CCCat.h */ = {isa = PBXFileReference; lastKnownFileType = sourcecode.c.h; path = "UIButton+CCCat.h"; sourceTree = "<group>"; };
		D8EC6FD221242380006ECFE3 /* UIButton+CCCat.m */ = {isa = PBXFileReference; lastKnownFileType = sourcecode.c.objc; path = "UIButton+CCCat.m"; sourceTree = "<group>"; };
		D8F2B1AB2179E9E5002748B9 /* CC_ImageView.h */ = {isa = PBXFileReference; lastKnownFileType = sourcecode.c.h; path = CC_ImageView.h; sourceTree = "<group>"; };
		D8F2B1AC2179E9E5002748B9 /* CC_ImageView.m */ = {isa = PBXFileReference; lastKnownFileType = sourcecode.c.objc; path = CC_ImageView.m; sourceTree = "<group>"; };
		D8FD8F2221FB12AA00E167CE /* UIControl+CCCat.m */ = {isa = PBXFileReference; fileEncoding = 4; lastKnownFileType = sourcecode.c.objc; path = "UIControl+CCCat.m"; sourceTree = "<group>"; };
		D8FD8F2321FB12AA00E167CE /* UIControl+CCCat.h */ = {isa = PBXFileReference; fileEncoding = 4; lastKnownFileType = sourcecode.c.h; path = "UIControl+CCCat.h"; sourceTree = "<group>"; };
/* End PBXFileReference section */

/* Begin PBXFrameworksBuildPhase section */
		18B6BCF51F1F09CA0019391D /* Frameworks */ = {
			isa = PBXFrameworksBuildPhase;
			buildActionMask = 2147483647;
			files = (
			);
			runOnlyForDeploymentPostprocessing = 0;
		};
		18B6BD0E1F1F09CA0019391D /* Frameworks */ = {
			isa = PBXFrameworksBuildPhase;
			buildActionMask = 2147483647;
			files = (
			);
			runOnlyForDeploymentPostprocessing = 0;
		};
		18B6BD191F1F09CA0019391D /* Frameworks */ = {
			isa = PBXFrameworksBuildPhase;
			buildActionMask = 2147483647;
			files = (
			);
			runOnlyForDeploymentPostprocessing = 0;
		};
/* End PBXFrameworksBuildPhase section */

/* Begin PBXGroup section */
		188268271F4BCEC500D72048 /* storage */ = {
			isa = PBXGroup;
			children = (
				D88C2964212EAF3E00828AA6 /* CC_KeyChainStore.h */,
				D88C2965212EAF3E00828AA6 /* CC_KeyChainStore.m */,
				188268281F4BCEC500D72048 /* CC_GCoreDataManager.h */,
				188268291F4BCEC500D72048 /* CC_GCoreDataManager.m */,
			);
			path = storage;
			sourceTree = "<group>";
		};
		18B6BCEF1F1F09CA0019391D = {
			isa = PBXGroup;
			children = (
				18B6BCFA1F1F09CA0019391D /* bench_ios */,
				18B6BD141F1F09CA0019391D /* bench_iosTests */,
				18B6BD1F1F1F09CA0019391D /* bench_iosUITests */,
				18B6BCF91F1F09CA0019391D /* Products */,
				D8E5FABE2240A6BD00F254C8 /* Recovered References */,
			);
			sourceTree = "<group>";
		};
		18B6BCF91F1F09CA0019391D /* Products */ = {
			isa = PBXGroup;
			children = (
				18B6BCF81F1F09CA0019391D /* bench_ios.app */,
				18B6BD111F1F09CA0019391D /* bench_iosTests.xctest */,
				18B6BD1C1F1F09CA0019391D /* bench_iosUITests.xctest */,
			);
			name = Products;
			sourceTree = "<group>";
		};
		18B6BCFA1F1F09CA0019391D /* bench_ios */ = {
			isa = PBXGroup;
			children = (
				D83925FF20FDDBE70034D10F /* casGif.gif */,
				18B6BD471F21A8560019391D /* bench_ios.podspec */,
				D839267B20FEE07F0034D10F /* stylesheet.cas */,
				18B6BD451F21A6080019391D /* README.md */,
				D88C2940212CFCD000828AA6 /* test2.png */,
				D88C293E212CFCC500828AA6 /* test1.png */,
				18B6BCFE1F1F09CA0019391D /* AppDelegate.h */,
				18B6BCFF1F1F09CA0019391D /* AppDelegate.m */,
				18B6BD011F1F09CA0019391D /* ViewController.h */,
				18B6BD021F1F09CA0019391D /* ViewController.m */,
				D85BFC8E2193DBA400F567EF /* test.plist */,
				D8CA1DF421913F9400CE4889 /* configure */,
				D8288C482178881D000F3B89 /* model */,
				D883EEE0200E34790062A6C6 /* test */,
				D82315391F53AEC1006055FB /* testController */,
				18B6BD2E1F1F143E0019391D /* bench */,
				18B6BD041F1F09CA0019391D /* Main.storyboard */,
				18B6BD071F1F09CA0019391D /* Assets.xcassets */,
				18B6BD091F1F09CA0019391D /* LaunchScreen.storyboard */,
				18B6BD0C1F1F09CA0019391D /* Info.plist */,
				D8365DD8205A2E0E00357C0F /* Prefix.pch */,
				D8B0E45F1F501EDB00425D06 /* testImg */,
				18B6BCFB1F1F09CA0019391D /* Supporting Files */,
				D876FE861FB0514B0094C274 /* panda.plist */,
			);
			path = bench_ios;
			sourceTree = "<group>";
		};
		18B6BCFB1F1F09CA0019391D /* Supporting Files */ = {
			isa = PBXGroup;
			children = (
				18B6BCFC1F1F09CA0019391D /* main.m */,
			);
			name = "Supporting Files";
			sourceTree = "<group>";
		};
		18B6BD141F1F09CA0019391D /* bench_iosTests */ = {
			isa = PBXGroup;
			children = (
				18B6BD151F1F09CA0019391D /* bench_iosTests.m */,
				18B6BD171F1F09CA0019391D /* Info.plist */,
			);
			path = bench_iosTests;
			sourceTree = "<group>";
		};
		18B6BD1F1F1F09CA0019391D /* bench_iosUITests */ = {
			isa = PBXGroup;
			children = (
				18B6BD201F1F09CA0019391D /* bench_iosUITests.m */,
				18B6BD221F1F09CA0019391D /* Info.plist */,
			);
			path = bench_iosUITests;
			sourceTree = "<group>";
		};
		18B6BD2E1F1F143E0019391D /* bench */ = {
			isa = PBXGroup;
			children = (
				D83EBC0E1FEB646100B94D6F /* PlatformConfig.h */,
				18B6BD401F20C6660019391D /* CC_Share.h */,
				18B6BD411F20C6660019391D /* CC_Share.m */,
				D8C511092112F40C00944CB0 /* CC_HookTrack.h */,
				D8C511082112F40C00944CB0 /* CC_HookTrack.m */,
				D8EC6FCA21241048006ECFE3 /* molecule */,
				D8C511CC211AE32200944CB0 /* extention */,
				D839260E20FEDFB20034D10F /* thd */,
				D83EBC071FEB5CBC00B94D6F /* display */,
				D83EBBF41FEB5BA700B94D6F /* object */,
				188268271F4BCEC500D72048 /* storage */,
				D8195F461F29CE6B00C7BADD /* network */,
				D8195F4E1F29CE6B00C7BADD /* tool */,
			);
			path = bench;
			sourceTree = "<group>";
		};
		D8195F461F29CE6B00C7BADD /* network */ = {
			isa = PBXGroup;
			children = (
				D8CA1DF221912AC900CE4889 /* Reachability.h */,
				D8CA1DF121912AC900CE4889 /* Reachability.m */,
				D8195F471F29CE6B00C7BADD /* CC_FormatDic.h */,
				D8195F481F29CE6B00C7BADD /* CC_FormatDic.m */,
				D84649A1218FFDA900F33451 /* CC_HttpConfigure.h */,
				D84649A2218FFDA900F33451 /* CC_HttpConfigure.m */,
				D8335336205F93F90030AB62 /* CC_HttpResponseModel.h */,
				D8335337205F93F90030AB62 /* CC_HttpResponseModel.m */,
				D8195F491F29CE6B00C7BADD /* CC_GHttpSessionTask.h */,
				D8195F4A1F29CE6B00C7BADD /* CC_GHttpSessionTask.m */,
				D8E5FABF2240A6F200F254C8 /* CC_UploadImagesTool.h */,
				D8E5FAC02240A6F200F254C8 /* CC_UploadImagesTool.m */,
				D8BDAF6620FC4F49006BF14C /* CC_ResponseLogicModel.h */,
				D8BDAF6720FC4F49006BF14C /* CC_ResponseLogicModel.m */,
				D8195F4B1F29CE6B00C7BADD /* CC_MD5Object.h */,
				D8195F4C1F29CE6B00C7BADD /* CC_MD5Object.m */,
				D8CC62531FF25610006E2ED6 /* CC_Envirnment.h */,
				D8CC62541FF25610006E2ED6 /* CC_Envirnment.m */,
				D8CE47B520D28A3D00587337 /* CC_RequestRecordTool.h */,
				D8CE47B620D28A3D00587337 /* CC_RequestRecordTool.m */,
			);
			path = network;
			sourceTree = "<group>";
		};
		D8195F4E1F29CE6B00C7BADD /* tool */ = {
			isa = PBXGroup;
			children = (
				D86F4C9B20883841000DF173 /* CC_Date.h */,
				D86F4C9C20883841000DF173 /* CC_Date.m */,
				D8BCCFE8224CA5CB0086A3EF /* CC_RSA.h */,
				D8BCCFE7224CA5CB0086A3EF /* CC_RSA.m */,
				D8DAFCD2212BE6D2009E0FEC /* CC_AES.h */,
				D8DAFCD3212BE6D2009E0FEC /* CC_AES.m */,
				D83507601F309D2700B7461C /* CC_DES.h */,
				D83507611F309D2700B7461C /* CC_DES.m */,
				D8195F521F29CEEF00C7BADD /* CC_Validate.h */,
				D8195F531F29CEEF00C7BADD /* CC_Validate.m */,
				D83507781F31E2CD00B7461C /* CC_CodeClass.h */,
				D83507791F31E2CD00B7461C /* CC_CodeClass.m */,
				D8B0E45A1F5016EA00425D06 /* CC_GColor.h */,
				D8B0E45B1F5016EA00425D06 /* CC_GColor.m */,
				D8389DFA206BA3680010A04A /* CC_LogicClass.h */,
				D8389DFB206BA3680010A04A /* CC_LogicClass.m */,
				D89AA86E20947265001DE9B8 /* CC_Parser.h */,
				D89AA86F20947265001DE9B8 /* CC_Parser.m */,
				D8DD97E920B6A6F2000A890D /* CC_Animation.h */,
				D8DD97EA20B6A6F2000A890D /* CC_Animation.m */,
				D8DD97EC20B7BC02000A890D /* CC_MusicBox.h */,
				D8DD97ED20B7BC02000A890D /* CC_MusicBox.m */,
				D82CBC7421BE611100058044 /* CC_TManager.h */,
				D82CBC7521BE611100058044 /* CC_TManager.m */,
			);
			path = tool;
			sourceTree = "<group>";
		};
		D82315391F53AEC1006055FB /* testController */ = {
			isa = PBXGroup;
			children = (
				D839267820FEE0730034D10F /* cas */,
				D823153A1F53AED3006055FB /* testColorViewController.h */,
				D823153B1F53AED3006055FB /* testColorViewController.m */,
				D8365DDF205A54CD00357C0F /* uihelper */,
				D839260120FEDC6F0034D10F /* testCasVC.h */,
				D839260220FEDC6F0034D10F /* testCasVC.m */,
				D8EC6FCE2124154A006ECFE3 /* testAutoLabelGroupVC.h */,
				D8EC6FCF2124154A006ECFE3 /* testAutoLabelGroupVC.m */,
			);
			path = testController;
			sourceTree = "<group>";
		};
		D8365DDF205A54CD00357C0F /* uihelper */ = {
			isa = PBXGroup;
			children = (
				D8365DE0205A54CD00357C0F /* testUIViewController.h */,
				D8365DE1205A54CD00357C0F /* testUIViewController.m */,
			);
			path = uihelper;
			sourceTree = "<group>";
		};
		D839260420FEDF9D0034D10F /* cas */ = {
			isa = PBXGroup;
			children = (
				D839260820FEDFA40034D10F /* CC_ClassyExtend.h */,
				D839260920FEDFA40034D10F /* CC_ClassyExtend.m */,
				D839260720FEDFA40034D10F /* CC_UIAtom.h */,
				D839260620FEDFA40034D10F /* CC_UIAtom.m */,
				D839260A20FEDFA40034D10F /* UIView+ClassyCat.h */,
				D839260520FEDFA40034D10F /* UIView+ClassyCat.m */,
				D83926C121017CDA0034D10F /* UIView+CCLayout.h */,
				D83926C221017CDA0034D10F /* UIView+CCLayout.m */,
			);
			path = cas;
			sourceTree = "<group>";
		};
		D839260E20FEDFB20034D10F /* thd */ = {
			isa = PBXGroup;
			children = (
				D8BCCFE3224CA5B50086A3EF /* RSA */,
				D839260F20FEDFC60034D10F /* Classy */,
			);
			path = thd;
			sourceTree = "<group>";
		};
		D839260F20FEDFC60034D10F /* Classy */ = {
			isa = PBXGroup;
			children = (
				D839261220FEDFC60034D10F /* Additions */,
				D839262C20FEDFC60034D10F /* Parser */,
				D839264C20FEDFC60034D10F /* Classy.h */,
				D839264D20FEDFC60034D10F /* Reflection */,
			);
			path = Classy;
			sourceTree = "<group>";
		};
		D839261220FEDFC60034D10F /* Additions */ = {
			isa = PBXGroup;
			children = (
				D839261320FEDFC60034D10F /* UIViewController+CASAdditions.h */,
				D839261420FEDFC60034D10F /* UINavigationBar+CASAdditions.m */,
				D839261520FEDFC60034D10F /* UISlider+CASAdditions.h */,
				D839261620FEDFC60034D10F /* UIView+CASAdditions.h */,
				D839261720FEDFC60034D10F /* UITextField+CASAdditions.h */,
				D839261820FEDFC60034D10F /* UITabBar+CASAdditions.m */,
				D839261920FEDFC60034D10F /* UIToolbar+CASAdditions.h */,
				D839261A20FEDFC60034D10F /* UIColor+CASAdditions.h */,
				D839261B20FEDFC60034D10F /* NSObject+CASSwizzle.m */,
				D839261C20FEDFC60034D10F /* NSRegularExpression+CASAdditions.m */,
				D839261D20FEDFC60034D10F /* CASStyleableItem.h */,
				D839261E20FEDFC60034D10F /* NSString+CASAdditions.h */,
				D839262020FEDFC60034D10F /* UIView+CASAdditions.m */,
				D839262120FEDFC60034D10F /* UISlider+CASAdditions.m */,
				D839262220FEDFC60034D10F /* UINavigationBar+CASAdditions.h */,
				D839262320FEDFC60034D10F /* UIViewController+CASAdditions.m */,
				D839262420FEDFC60034D10F /* UITabBar+CASAdditions.h */,
				D839262520FEDFC60034D10F /* UIToolbar+CASAdditions.m */,
				D839262620FEDFC60034D10F /* UITextField+CASAdditions.m */,
				D839262720FEDFC60034D10F /* UIColor+CASAdditions.m */,
				D839262820FEDFC60034D10F /* UIBarItem+CASAdditions.h */,
				D839261F20FEDFC60034D10F /* UIBarItem+CASAdditions.m */,
				D839262920FEDFC60034D10F /* NSString+CASAdditions.m */,
				D839262A20FEDFC60034D10F /* NSRegularExpression+CASAdditions.h */,
				D839262B20FEDFC60034D10F /* NSObject+CASSwizzle.h */,
			);
			path = Additions;
			sourceTree = "<group>";
		};
		D839262C20FEDFC60034D10F /* Parser */ = {
			isa = PBXGroup;
			children = (
				D839262D20FEDFC60034D10F /* CASStyleProperty.h */,
				D839262E20FEDFC60034D10F /* CASInvocation.m */,
				D839262F20FEDFC60034D10F /* CASExpressionSolver.m */,
				D839263020FEDFC60034D10F /* CASToken.m */,
				D839263120FEDFC60034D10F /* CASLexer.m */,
				D839263220FEDFC60034D10F /* CASDeviceSelector.m */,
				D839263320FEDFC60034D10F /* CASUnitToken.h */,
				D839263420FEDFC60034D10F /* CASStyleNode.h */,
				D839263520FEDFC60034D10F /* CASStyler.h */,
				D839263620FEDFC60034D10F /* CASDeviceTypeItem.m */,
				D839263720FEDFC60034D10F /* CASUtilities.m */,
				D839263820FEDFC60034D10F /* CASStyleSelector.m */,
				D839263920FEDFC60034D10F /* CASParser.m */,
				D839263A20FEDFC60034D10F /* CASDeviceOSVersionItem.m */,
				D839263B20FEDFC60034D10F /* CASTextAttributes.h */,
				D839263C20FEDFC60034D10F /* CASLexer.h */,
				D839263D20FEDFC60034D10F /* CASToken.h */,
				D839263E20FEDFC60034D10F /* CASDeviceSelectorItem.h */,
				D839263F20FEDFC60034D10F /* CASExpressionSolver.h */,
				D839264020FEDFC60034D10F /* CASInvocation.h */,
				D839264120FEDFC60034D10F /* CASStyleProperty.m */,
				D839264220FEDFC60034D10F /* CASStyler.m */,
				D839264320FEDFC60034D10F /* CASStyleNode.m */,
				D839264420FEDFC60034D10F /* CASUnitToken.m */,
				D839264520FEDFC60034D10F /* CASDeviceSelector.h */,
				D839264620FEDFC60034D10F /* CASParser.h */,
				D839264720FEDFC60034D10F /* CASStyleSelector.h */,
				D839264820FEDFC60034D10F /* CASUtilities.h */,
				D839264920FEDFC60034D10F /* CASDeviceTypeItem.h */,
				D839264A20FEDFC60034D10F /* CASTextAttributes.m */,
				D839264B20FEDFC60034D10F /* CASDeviceOSVersionItem.h */,
			);
			path = Parser;
			sourceTree = "<group>";
		};
		D839264D20FEDFC60034D10F /* Reflection */ = {
			isa = PBXGroup;
			children = (
				D839264E20FEDFC60034D10F /* CASPropertyDescriptor.m */,
				D839264F20FEDFC60034D10F /* CASRuntimeExtensions.h */,
				D839265020FEDFC60034D10F /* CASArgumentDescriptor.h */,
				D839265120FEDFC60034D10F /* CASObjectClassDescriptor.m */,
				D839265220FEDFC60034D10F /* CASRuntimeExtensions.m */,
				D839265320FEDFC60034D10F /* CASPropertyDescriptor.h */,
				D839265420FEDFC60034D10F /* CASArgumentDescriptor.m */,
				D839265520FEDFC60034D10F /* CASObjectClassDescriptor.h */,
			);
			path = Reflection;
			sourceTree = "<group>";
		};
		D839267820FEE0730034D10F /* cas */ = {
			isa = PBXGroup;
			children = (
				D839267920FEE07B0034D10F /* gwh.cas */,
			);
			path = cas;
			sourceTree = "<group>";
		};
		D83EBBF41FEB5BA700B94D6F /* object */ = {
			isa = PBXGroup;
			children = (
				D83B74DD2068FD9F000F81F8 /* CC_View.h */,
				D83B74DE2068FD9F000F81F8 /* CC_View.m */,
				D83EBBFD1FEB5BA700B94D6F /* CC_Label.h */,
				D83EBBFE1FEB5BA700B94D6F /* CC_Label.m */,
				D8064C51206A28AF0096F80D /* CC_TextField.h */,
				D8064C52206A28AF0096F80D /* CC_TextField.m */,
				D8064C57206A43F50096F80D /* CC_TextView.h */,
				D8064C58206A43F50096F80D /* CC_TextView.m */,
				D83EBBF91FEB5BA700B94D6F /* CC_Button.h */,
				D83EBBFA1FEB5BA700B94D6F /* CC_Button.m */,
				D8F2B1AB2179E9E5002748B9 /* CC_ImageView.h */,
				D8F2B1AC2179E9E5002748B9 /* CC_ImageView.m */,
				D83EBBF51FEB5BA700B94D6F /* CC_Array.h */,
				D83EBBF61FEB5BA700B94D6F /* CC_Array.m */,
				D83EBBF71FEB5BA700B94D6F /* CC_AttributedStr.h */,
				D83EBBF81FEB5BA700B94D6F /* CC_AttributedStr.m */,
				D83EBBFB1FEB5BA700B94D6F /* CC_Image.h */,
				D83EBBFC1FEB5BA700B94D6F /* CC_Image.m */,
				D8EC6FC721240303006ECFE3 /* CC_Dictionary.h */,
				D8EC6FC821240303006ECFE3 /* CC_Dictionary.m */,
				D8288C4A2178B01F000F3B89 /* CC_ObjectModel.h */,
				D8288C4B2178B01F000F3B89 /* CC_ObjectModel.m */,
				D8BCCFDE224C88B10086A3EF /* CC_WebView.h */,
				D8BCCFDD224C88B10086A3EF /* CC_WebView.m */,
			);
			path = object;
			sourceTree = "<group>";
		};
		D83EBC071FEB5CBC00B94D6F /* display */ = {
			isa = PBXGroup;
			children = (
				D839260420FEDF9D0034D10F /* cas */,
				3081D9BE20FC364F00FF5B3D /* CC_UIViewExt.h */,
				3081D9BF20FC364F00FF5B3D /* CC_UIViewExt.m */,
				D8B759AF219A84B0008A6C80 /* CC_Loading.h */,
				D8B759AE219A84B0008A6C80 /* CC_Loading.m */,
				D83B73322068A170000F81F8 /* CC_Note.h */,
				D83B73332068A170000F81F8 /* CC_Note.m */,
				D83EBBFF1FEB5BA700B94D6F /* CC_Notice.h */,
				D83EBC001FEB5BA700B94D6F /* CC_Notice.m */,
				D8D953FE2216A3DD009B6FD0 /* CC_Mask.h */,
				D8D953FF2216A3DD009B6FD0 /* CC_Mask.m */,
				D83EBC081FEB5CBC00B94D6F /* CC_UIHelper.h */,
				D83EBC091FEB5CBC00B94D6F /* CC_UIHelper.m */,
				D8365E21205A741D00357C0F /* CC_UIToolView.h */,
				D8365E22205A741D00357C0F /* CC_UIToolView.m */,
				D8389DF7206B74D50010A04A /* CC_3DWindow.h */,
				D8389DF8206B74D50010A04A /* CC_3DWindow.m */,
			);
			path = display;
			sourceTree = "<group>";
		};
		D883EEE0200E34790062A6C6 /* test */ = {
			isa = PBXGroup;
			children = (
				D883EEF5200E37910062A6C6 /* GTMBase64.h */,
				D883EEF4200E37910062A6C6 /* GTMBase64.m */,
				D883EEF8200E37910062A6C6 /* GTMDefines.h */,
				D883EEF6200E37910062A6C6 /* LCdes.h */,
				D883EEF7200E37910062A6C6 /* LCdes.m */,
			);
			path = test;
			sourceTree = "<group>";
		};
		D8B0E45F1F501EDB00425D06 /* testImg */ = {
			isa = PBXGroup;
			children = (
				D8B0E4601F501EE400425D06 /* nyyh.jpg */,
			);
			path = testImg;
			sourceTree = "<group>";
		};
		D8BCCFE3224CA5B50086A3EF /* RSA */ = {
			isa = PBXGroup;
			children = (
				D8BCCFE4224CA5BF0086A3EF /* RSA.h */,
				D8BCCFE5224CA5BF0086A3EF /* RSA.m */,
			);
			path = RSA;
			sourceTree = "<group>";
		};
		D8C511CC211AE32200944CB0 /* extention */ = {
			isa = PBXGroup;
			children = (
				D8FD8F2321FB12AA00E167CE /* UIControl+CCCat.h */,
				D8FD8F2221FB12AA00E167CE /* UIControl+CCCat.m */,
				D8678D9821D073F100E04986 /* NSObject+CCCat.h */,
				D8678D9721D073F100E04986 /* NSObject+CCCat.m */,
				D88E2C3D2186AB9D00D71480 /* UIImage+CCCat.h */,
				D88E2C3E2186AB9D00D71480 /* UIImage+CCCat.m */,
				D8EC6FD121242380006ECFE3 /* UIButton+CCCat.h */,
				D8EC6FD221242380006ECFE3 /* UIButton+CCCat.m */,
				D8C511CE211AE3D100944CB0 /* NSString+CCCat.h */,
				D8C511CF211AE3D100944CB0 /* NSString+CCCat.m */,
				D8E5FAA02239F91A00F254C8 /* NSDictionary+CCCat.h */,
				D8E5FAA12239F91A00F254C8 /* NSDictionary+CCCat.m */,
				D85BFC99219409FC00F567EF /* NSMutableDictionary+CCCat.h */,
				D85BFC9A219409FC00F567EF /* NSMutableDictionary+CCCat.m */,
				D8A799662109CAFB00D40B4B /* UIApplication+CCHook.h */,
				D8A799672109CAFB00D40B4B /* UIApplication+CCHook.m */,
				D8A7996C2109CC0300D40B4B /* UIViewController+CCHook.h */,
				D8A7996D2109CC0300D40B4B /* UIViewController+CCHook.m */,
				D8A7996F2109CC4F00D40B4B /* UINavigationController+CCHook.h */,
				D8A799702109CC4F00D40B4B /* UINavigationController+CCHook.m */,
				D82F0B99219533AF006EDF54 /* NSDate+CCCat.h */,
				D82F0B9A219533AF006EDF54 /* NSDate+CCCat.m */,
			);
			path = extention;
			sourceTree = "<group>";
		};
		D8EC6FCA21241048006ECFE3 /* molecule */ = {
			isa = PBXGroup;
			children = (
				D8EC6FCB212410E8006ECFE3 /* CC_AutoLabelGroup.h */,
				D8EC6FCC212410E8006ECFE3 /* CC_AutoLabelGroup.m */,
			);
			path = molecule;
			sourceTree = "<group>";
		};
/* End PBXGroup section */

/* Begin PBXNativeTarget section */
		18B6BCF71F1F09CA0019391D /* bench_ios */ = {
			isa = PBXNativeTarget;
			buildConfigurationList = 18B6BD251F1F09CA0019391D /* Build configuration list for PBXNativeTarget "bench_ios" */;
			buildPhases = (
				18B6BCF41F1F09CA0019391D /* Sources */,
				18B6BCF51F1F09CA0019391D /* Frameworks */,
				18B6BCF61F1F09CA0019391D /* Resources */,
			);
			buildRules = (
			);
			dependencies = (
			);
			name = bench_ios;
			productName = bench_ios;
			productReference = 18B6BCF81F1F09CA0019391D /* bench_ios.app */;
			productType = "com.apple.product-type.application";
		};
		18B6BD101F1F09CA0019391D /* bench_iosTests */ = {
			isa = PBXNativeTarget;
			buildConfigurationList = 18B6BD281F1F09CA0019391D /* Build configuration list for PBXNativeTarget "bench_iosTests" */;
			buildPhases = (
				18B6BD0D1F1F09CA0019391D /* Sources */,
				18B6BD0E1F1F09CA0019391D /* Frameworks */,
				18B6BD0F1F1F09CA0019391D /* Resources */,
			);
			buildRules = (
			);
			dependencies = (
				18B6BD131F1F09CA0019391D /* PBXTargetDependency */,
			);
			name = bench_iosTests;
			productName = bench_iosTests;
			productReference = 18B6BD111F1F09CA0019391D /* bench_iosTests.xctest */;
			productType = "com.apple.product-type.bundle.unit-test";
		};
		18B6BD1B1F1F09CA0019391D /* bench_iosUITests */ = {
			isa = PBXNativeTarget;
			buildConfigurationList = 18B6BD2B1F1F09CA0019391D /* Build configuration list for PBXNativeTarget "bench_iosUITests" */;
			buildPhases = (
				18B6BD181F1F09CA0019391D /* Sources */,
				18B6BD191F1F09CA0019391D /* Frameworks */,
				18B6BD1A1F1F09CA0019391D /* Resources */,
			);
			buildRules = (
			);
			dependencies = (
				18B6BD1E1F1F09CA0019391D /* PBXTargetDependency */,
			);
			name = bench_iosUITests;
			productName = bench_iosUITests;
			productReference = 18B6BD1C1F1F09CA0019391D /* bench_iosUITests.xctest */;
			productType = "com.apple.product-type.bundle.ui-testing";
		};
/* End PBXNativeTarget section */

/* Begin PBXProject section */
		18B6BCF01F1F09CA0019391D /* Project object */ = {
			isa = PBXProject;
			attributes = {
				LastUpgradeCheck = 0830;
				ORGANIZATIONNAME = apple;
				TargetAttributes = {
					18B6BCF71F1F09CA0019391D = {
						CreatedOnToolsVersion = 8.3.1;
						ProvisioningStyle = Automatic;
					};
					18B6BD101F1F09CA0019391D = {
						CreatedOnToolsVersion = 8.3.1;
						ProvisioningStyle = Automatic;
						TestTargetID = 18B6BCF71F1F09CA0019391D;
					};
					18B6BD1B1F1F09CA0019391D = {
						CreatedOnToolsVersion = 8.3.1;
						ProvisioningStyle = Automatic;
						TestTargetID = 18B6BCF71F1F09CA0019391D;
					};
				};
			};
			buildConfigurationList = 18B6BCF31F1F09CA0019391D /* Build configuration list for PBXProject "bench_ios" */;
			compatibilityVersion = "Xcode 3.2";
			developmentRegion = English;
			hasScannedForEncodings = 0;
			knownRegions = (
				en,
				Base,
			);
			mainGroup = 18B6BCEF1F1F09CA0019391D;
			productRefGroup = 18B6BCF91F1F09CA0019391D /* Products */;
			projectDirPath = "";
			projectRoot = "";
			targets = (
				18B6BCF71F1F09CA0019391D /* bench_ios */,
				18B6BD101F1F09CA0019391D /* bench_iosTests */,
				18B6BD1B1F1F09CA0019391D /* bench_iosUITests */,
			);
		};
/* End PBXProject section */

/* Begin PBXResourcesBuildPhase section */
		18B6BCF61F1F09CA0019391D /* Resources */ = {
			isa = PBXResourcesBuildPhase;
			buildActionMask = 2147483647;
			files = (
				D839260020FDDBE70034D10F /* casGif.gif in Resources */,
				18B6BD0B1F1F09CA0019391D /* LaunchScreen.storyboard in Resources */,
				D8B0E4611F501EE400425D06 /* nyyh.jpg in Resources */,
				18B6BD081F1F09CA0019391D /* Assets.xcassets in Resources */,
				D8CA1DF521913F9400CE4889 /* configure in Resources */,
				D876FE871FB0514B0094C274 /* panda.plist in Resources */,
				D85BFC8F2193DBA400F567EF /* test.plist in Resources */,
				D8288C492178881D000F3B89 /* model in Resources */,
				D88C2941212CFCD000828AA6 /* test2.png in Resources */,
				18B6BD061F1F09CA0019391D /* Main.storyboard in Resources */,
				D839267A20FEE07B0034D10F /* gwh.cas in Resources */,
				D88C293F212CFCC600828AA6 /* test1.png in Resources */,
				D839267C20FEE07F0034D10F /* stylesheet.cas in Resources */,
				18B6BD481F21A8560019391D /* bench_ios.podspec in Resources */,
			);
			runOnlyForDeploymentPostprocessing = 0;
		};
		18B6BD0F1F1F09CA0019391D /* Resources */ = {
			isa = PBXResourcesBuildPhase;
			buildActionMask = 2147483647;
			files = (
			);
			runOnlyForDeploymentPostprocessing = 0;
		};
		18B6BD1A1F1F09CA0019391D /* Resources */ = {
			isa = PBXResourcesBuildPhase;
			buildActionMask = 2147483647;
			files = (
			);
			runOnlyForDeploymentPostprocessing = 0;
		};
/* End PBXResourcesBuildPhase section */

/* Begin PBXSourcesBuildPhase section */
		18B6BCF41F1F09CA0019391D /* Sources */ = {
			isa = PBXSourcesBuildPhase;
			buildActionMask = 2147483647;
			files = (
				D8EC6FD02124154A006ECFE3 /* testAutoLabelGroupVC.m in Sources */,
				D8678D9921D073F100E04986 /* NSObject+CCCat.m in Sources */,
				D8D954002216A3DD009B6FD0 /* CC_Mask.m in Sources */,
				D839260D20FEDFA40034D10F /* CC_ClassyExtend.m in Sources */,
				D8FD8F2421FB12AA00E167CE /* UIControl+CCCat.m in Sources */,
				D8CC62551FF25610006E2ED6 /* CC_Envirnment.m in Sources */,
				D83EBC041FEB5BA700B94D6F /* CC_Image.m in Sources */,
				D89AA87020947265001DE9B8 /* CC_Parser.m in Sources */,
				D839267520FEDFC60034D10F /* CASRuntimeExtensions.m in Sources */,
				D8E5FAA22239F91A00F254C8 /* NSDictionary+CCCat.m in Sources */,
				D8195F541F29CEEF00C7BADD /* CC_Validate.m in Sources */,
				D84649A3218FFDA900F33451 /* CC_HttpConfigure.m in Sources */,
				D839265820FEDFC60034D10F /* UINavigationBar+CASAdditions.m in Sources */,
				D8064C53206A28AF0096F80D /* CC_TextField.m in Sources */,
				D839260B20FEDFA40034D10F /* UIView+ClassyCat.m in Sources */,
				D839266620FEDFC60034D10F /* CASToken.m in Sources */,
				D839265F20FEDFC60034D10F /* UIViewController+CASAdditions.m in Sources */,
				D88C2966212EAF3F00828AA6 /* CC_KeyChainStore.m in Sources */,
				D8BDAF6820FC4F49006BF14C /* CC_ResponseLogicModel.m in Sources */,
				D8F2B1AD2179E9E5002748B9 /* CC_ImageView.m in Sources */,
				D883EEFA200E37910062A6C6 /* LCdes.m in Sources */,
				D8BCCFE6224CA5C00086A3EF /* RSA.m in Sources */,
				D839266120FEDFC60034D10F /* UITextField+CASAdditions.m in Sources */,
				D83B74DF2068FD9F000F81F8 /* CC_View.m in Sources */,
				D839266A20FEDFC60034D10F /* CASUtilities.m in Sources */,
				D839266820FEDFC60034D10F /* CASDeviceSelector.m in Sources */,
				D8A7996E2109CC0300D40B4B /* UIViewController+CCHook.m in Sources */,
				D8365DE4205A54CE00357C0F /* testUIViewController.m in Sources */,
				D839266420FEDFC60034D10F /* CASInvocation.m in Sources */,
				D8DAFCD4212BE6D2009E0FEC /* CC_AES.m in Sources */,
				D8E5FAC12240A6F200F254C8 /* CC_UploadImagesTool.m in Sources */,
				D8389DFC206BA3680010A04A /* CC_LogicClass.m in Sources */,
				D8288C4C2178B01F000F3B89 /* CC_ObjectModel.m in Sources */,
				D8B0E45C1F5016EA00425D06 /* CC_GColor.m in Sources */,
				D85BFC9B219409FC00F567EF /* NSMutableDictionary+CCCat.m in Sources */,
				D839266220FEDFC60034D10F /* UIColor+CASAdditions.m in Sources */,
				18B6BD031F1F09CA0019391D /* ViewController.m in Sources */,
				D8C511D0211AE3D100944CB0 /* NSString+CCCat.m in Sources */,
				D839266B20FEDFC60034D10F /* CASStyleSelector.m in Sources */,
				18B6BD001F1F09CA0019391D /* AppDelegate.m in Sources */,
				D8EC6FCD212410E8006ECFE3 /* CC_AutoLabelGroup.m in Sources */,
				D839266320FEDFC60034D10F /* NSString+CASAdditions.m in Sources */,
				D839260C20FEDFA40034D10F /* CC_UIAtom.m in Sources */,
				D8EC6FC921240303006ECFE3 /* CC_Dictionary.m in Sources */,
				18B6BCFD1F1F09CA0019391D /* main.m in Sources */,
				D839266D20FEDFC60034D10F /* CASDeviceOSVersionItem.m in Sources */,
				D8CE47B720D28A3E00587337 /* CC_RequestRecordTool.m in Sources */,
				3081D9C020FC364F00FF5B3D /* CC_UIViewExt.m in Sources */,
				D83EBC061FEB5BA700B94D6F /* CC_Notice.m in Sources */,
				D83926C321017CDA0034D10F /* UIView+CCLayout.m in Sources */,
				D839266C20FEDFC60034D10F /* CASParser.m in Sources */,
				D839267220FEDFC60034D10F /* CASTextAttributes.m in Sources */,
				D8C5110A2112F40C00944CB0 /* CC_HookTrack.m in Sources */,
				D839265B20FEDFC60034D10F /* NSRegularExpression+CASAdditions.m in Sources */,
				D8BCCFDF224C88B10086A3EF /* CC_WebView.m in Sources */,
				D835077A1F31E2CD00B7461C /* CC_CodeClass.m in Sources */,
				D823153C1F53AED3006055FB /* testColorViewController.m in Sources */,
				D8EC6FD321242380006ECFE3 /* UIButton+CCCat.m in Sources */,
				D839265D20FEDFC60034D10F /* UIView+CASAdditions.m in Sources */,
				D8DD97EB20B6A6F2000A890D /* CC_Animation.m in Sources */,
				D839266E20FEDFC60034D10F /* CASStyleProperty.m in Sources */,
				D8B759B0219A84B0008A6C80 /* CC_Loading.m in Sources */,
				D839266720FEDFC60034D10F /* CASLexer.m in Sources */,
				D839267420FEDFC60034D10F /* CASObjectClassDescriptor.m in Sources */,
				D839265E20FEDFC60034D10F /* UISlider+CASAdditions.m in Sources */,
				D8195F511F29CE6B00C7BADD /* CC_MD5Object.m in Sources */,
				D8A799712109CC4F00D40B4B /* UINavigationController+CCHook.m in Sources */,
				D839267120FEDFC60034D10F /* CASUnitToken.m in Sources */,
				D82F0B9B219533AF006EDF54 /* NSDate+CCCat.m in Sources */,
				D83EBC011FEB5BA700B94D6F /* CC_Array.m in Sources */,
				D839266520FEDFC60034D10F /* CASExpressionSolver.m in Sources */,
				D839267320FEDFC60034D10F /* CASPropertyDescriptor.m in Sources */,
				D839265A20FEDFC60034D10F /* NSObject+CASSwizzle.m in Sources */,
				D839260320FEDC6F0034D10F /* testCasVC.m in Sources */,
				D839266020FEDFC60034D10F /* UIToolbar+CASAdditions.m in Sources */,
				D839267620FEDFC60034D10F /* CASArgumentDescriptor.m in Sources */,
				D83EBC021FEB5BA700B94D6F /* CC_AttributedStr.m in Sources */,
				D83EBC031FEB5BA700B94D6F /* CC_Button.m in Sources */,
				D8195F4F1F29CE6B00C7BADD /* CC_FormatDic.m in Sources */,
				D83EBC051FEB5BA700B94D6F /* CC_Label.m in Sources */,
				D88E2C3F2186AB9D00D71480 /* UIImage+CCCat.m in Sources */,
				D8BCCFE9224CA5CB0086A3EF /* CC_RSA.m in Sources */,
				D839265920FEDFC60034D10F /* UITabBar+CASAdditions.m in Sources */,
				D8064C59206A43F50096F80D /* CC_TextView.m in Sources */,
				1882682A1F4BCEC500D72048 /* CC_GCoreDataManager.m in Sources */,
				18B6BD421F20C6660019391D /* CC_Share.m in Sources */,
				D8389DF9206B74D50010A04A /* CC_3DWindow.m in Sources */,
				D883EEF9200E37910062A6C6 /* GTMBase64.m in Sources */,
				D8365E23205A741D00357C0F /* CC_UIToolView.m in Sources */,
				D839265C20FEDFC60034D10F /* UIBarItem+CASAdditions.m in Sources */,
				18B6BD461F21A6080019391D /* README.md in Sources */,
				D83EBC0C1FEB5CBC00B94D6F /* CC_UIHelper.m in Sources */,
				D839266F20FEDFC60034D10F /* CASStyler.m in Sources */,
				D86F4C9D20883841000DF173 /* CC_Date.m in Sources */,
				D8195F501F29CE6B00C7BADD /* CC_GHttpSessionTask.m in Sources */,
				D83B73342068A170000F81F8 /* CC_Note.m in Sources */,
				D839267020FEDFC60034D10F /* CASStyleNode.m in Sources */,
				D8CA1DF321912AC900CE4889 /* Reachability.m in Sources */,
				D8A799682109CAFB00D40B4B /* UIApplication+CCHook.m in Sources */,
				D839266920FEDFC60034D10F /* CASDeviceTypeItem.m in Sources */,
				D82CBC7621BE611100058044 /* CC_TManager.m in Sources */,
				D8335338205F93F90030AB62 /* CC_HttpResponseModel.m in Sources */,
				D83507621F309D2700B7461C /* CC_DES.m in Sources */,
				D8DD97EE20B7BC02000A890D /* CC_MusicBox.m in Sources */,
			);
			runOnlyForDeploymentPostprocessing = 0;
		};
		18B6BD0D1F1F09CA0019391D /* Sources */ = {
			isa = PBXSourcesBuildPhase;
			buildActionMask = 2147483647;
			files = (
				18B6BD161F1F09CA0019391D /* bench_iosTests.m in Sources */,
			);
			runOnlyForDeploymentPostprocessing = 0;
		};
		18B6BD181F1F09CA0019391D /* Sources */ = {
			isa = PBXSourcesBuildPhase;
			buildActionMask = 2147483647;
			files = (
				18B6BD211F1F09CA0019391D /* bench_iosUITests.m in Sources */,
			);
			runOnlyForDeploymentPostprocessing = 0;
		};
/* End PBXSourcesBuildPhase section */

/* Begin PBXTargetDependency section */
		18B6BD131F1F09CA0019391D /* PBXTargetDependency */ = {
			isa = PBXTargetDependency;
			target = 18B6BCF71F1F09CA0019391D /* bench_ios */;
			targetProxy = 18B6BD121F1F09CA0019391D /* PBXContainerItemProxy */;
		};
		18B6BD1E1F1F09CA0019391D /* PBXTargetDependency */ = {
			isa = PBXTargetDependency;
			target = 18B6BCF71F1F09CA0019391D /* bench_ios */;
			targetProxy = 18B6BD1D1F1F09CA0019391D /* PBXContainerItemProxy */;
		};
/* End PBXTargetDependency section */

/* Begin PBXVariantGroup section */
		18B6BD041F1F09CA0019391D /* Main.storyboard */ = {
			isa = PBXVariantGroup;
			children = (
				18B6BD051F1F09CA0019391D /* Base */,
			);
			name = Main.storyboard;
			sourceTree = "<group>";
		};
		18B6BD091F1F09CA0019391D /* LaunchScreen.storyboard */ = {
			isa = PBXVariantGroup;
			children = (
				18B6BD0A1F1F09CA0019391D /* Base */,
			);
			name = LaunchScreen.storyboard;
			sourceTree = "<group>";
		};
/* End PBXVariantGroup section */

/* Begin XCBuildConfiguration section */
		18B6BD231F1F09CA0019391D /* Debug */ = {
			isa = XCBuildConfiguration;
			buildSettings = {
				ALWAYS_SEARCH_USER_PATHS = NO;
				CLANG_ANALYZER_NONNULL = YES;
				CLANG_ANALYZER_NUMBER_OBJECT_CONVERSION = YES_AGGRESSIVE;
				CLANG_CXX_LANGUAGE_STANDARD = "gnu++0x";
				CLANG_CXX_LIBRARY = "libc++";
				CLANG_ENABLE_MODULES = YES;
				CLANG_ENABLE_OBJC_ARC = YES;
				CLANG_WARN_BOOL_CONVERSION = YES;
				CLANG_WARN_CONSTANT_CONVERSION = YES;
				CLANG_WARN_DIRECT_OBJC_ISA_USAGE = YES_ERROR;
				CLANG_WARN_DOCUMENTATION_COMMENTS = YES;
				CLANG_WARN_EMPTY_BODY = YES;
				CLANG_WARN_ENUM_CONVERSION = YES;
				CLANG_WARN_INFINITE_RECURSION = YES;
				CLANG_WARN_INT_CONVERSION = YES;
				CLANG_WARN_OBJC_ROOT_CLASS = YES_ERROR;
				CLANG_WARN_SUSPICIOUS_MOVE = YES;
				CLANG_WARN_UNREACHABLE_CODE = YES;
				CLANG_WARN__DUPLICATE_METHOD_MATCH = YES;
				"CODE_SIGN_IDENTITY[sdk=iphoneos*]" = "iPhone Developer";
				COPY_PHASE_STRIP = NO;
				DEBUG_INFORMATION_FORMAT = dwarf;
				ENABLE_STRICT_OBJC_MSGSEND = YES;
				ENABLE_TESTABILITY = YES;
				GCC_C_LANGUAGE_STANDARD = gnu99;
				GCC_DYNAMIC_NO_PIC = NO;
				GCC_NO_COMMON_BLOCKS = YES;
				GCC_OPTIMIZATION_LEVEL = 0;
				GCC_PREPROCESSOR_DEFINITIONS = (
					"DEBUG=1",
					"$(inherited)",
				);
				GCC_WARN_64_TO_32_BIT_CONVERSION = YES;
				GCC_WARN_ABOUT_RETURN_TYPE = YES_ERROR;
				GCC_WARN_UNDECLARED_SELECTOR = YES;
				GCC_WARN_UNINITIALIZED_AUTOS = YES_AGGRESSIVE;
				GCC_WARN_UNUSED_FUNCTION = YES;
				GCC_WARN_UNUSED_VARIABLE = YES;
				IPHONEOS_DEPLOYMENT_TARGET = 10.3;
				MTL_ENABLE_DEBUG_INFO = YES;
				ONLY_ACTIVE_ARCH = YES;
				SDKROOT = iphoneos;
			};
			name = Debug;
		};
		18B6BD241F1F09CA0019391D /* Release */ = {
			isa = XCBuildConfiguration;
			buildSettings = {
				ALWAYS_SEARCH_USER_PATHS = NO;
				CLANG_ANALYZER_NONNULL = YES;
				CLANG_ANALYZER_NUMBER_OBJECT_CONVERSION = YES_AGGRESSIVE;
				CLANG_CXX_LANGUAGE_STANDARD = "gnu++0x";
				CLANG_CXX_LIBRARY = "libc++";
				CLANG_ENABLE_MODULES = YES;
				CLANG_ENABLE_OBJC_ARC = YES;
				CLANG_WARN_BOOL_CONVERSION = YES;
				CLANG_WARN_CONSTANT_CONVERSION = YES;
				CLANG_WARN_DIRECT_OBJC_ISA_USAGE = YES_ERROR;
				CLANG_WARN_DOCUMENTATION_COMMENTS = YES;
				CLANG_WARN_EMPTY_BODY = YES;
				CLANG_WARN_ENUM_CONVERSION = YES;
				CLANG_WARN_INFINITE_RECURSION = YES;
				CLANG_WARN_INT_CONVERSION = YES;
				CLANG_WARN_OBJC_ROOT_CLASS = YES_ERROR;
				CLANG_WARN_SUSPICIOUS_MOVE = YES;
				CLANG_WARN_UNREACHABLE_CODE = YES;
				CLANG_WARN__DUPLICATE_METHOD_MATCH = YES;
				"CODE_SIGN_IDENTITY[sdk=iphoneos*]" = "iPhone Developer";
				COPY_PHASE_STRIP = NO;
				DEBUG_INFORMATION_FORMAT = "dwarf-with-dsym";
				ENABLE_NS_ASSERTIONS = NO;
				ENABLE_STRICT_OBJC_MSGSEND = YES;
				GCC_C_LANGUAGE_STANDARD = gnu99;
				GCC_NO_COMMON_BLOCKS = YES;
				GCC_WARN_64_TO_32_BIT_CONVERSION = YES;
				GCC_WARN_ABOUT_RETURN_TYPE = YES_ERROR;
				GCC_WARN_UNDECLARED_SELECTOR = YES;
				GCC_WARN_UNINITIALIZED_AUTOS = YES_AGGRESSIVE;
				GCC_WARN_UNUSED_FUNCTION = YES;
				GCC_WARN_UNUSED_VARIABLE = YES;
				IPHONEOS_DEPLOYMENT_TARGET = 10.3;
				MTL_ENABLE_DEBUG_INFO = NO;
				SDKROOT = iphoneos;
				VALIDATE_PRODUCT = YES;
			};
			name = Release;
		};
		18B6BD261F1F09CA0019391D /* Debug */ = {
			isa = XCBuildConfiguration;
			buildSettings = {
				ASSETCATALOG_COMPILER_APPICON_NAME = AppIcon;
				CODE_SIGN_IDENTITY = "iPhone Developer";
				CODE_SIGN_STYLE = Automatic;
				DEVELOPMENT_TEAM = "";
				GCC_PREFIX_HEADER = "$(SRCROOT)/bench_ios/Prefix.pch";
				INFOPLIST_FILE = bench_ios/Info.plist;
				IPHONEOS_DEPLOYMENT_TARGET = 8;
				LD_RUNPATH_SEARCH_PATHS = "$(inherited) @executable_path/Frameworks";
				PRODUCT_BUNDLE_IDENTIFIER = "com.app.bench-ios";
				PRODUCT_NAME = "$(TARGET_NAME)";
				PROVISIONING_PROFILE_SPECIFIER = "";
			};
			name = Debug;
		};
		18B6BD271F1F09CA0019391D /* Release */ = {
			isa = XCBuildConfiguration;
			buildSettings = {
				ASSETCATALOG_COMPILER_APPICON_NAME = AppIcon;
				CODE_SIGN_IDENTITY = "iPhone Developer";
				CODE_SIGN_STYLE = Automatic;
				DEVELOPMENT_TEAM = "";
				GCC_PREFIX_HEADER = "$(SRCROOT)/bench_ios/Prefix.pch";
				INFOPLIST_FILE = bench_ios/Info.plist;
				IPHONEOS_DEPLOYMENT_TARGET = 8;
				LD_RUNPATH_SEARCH_PATHS = "$(inherited) @executable_path/Frameworks";
				PRODUCT_BUNDLE_IDENTIFIER = "com.app.bench-ios";
				PRODUCT_NAME = "$(TARGET_NAME)";
				PROVISIONING_PROFILE_SPECIFIER = "";
			};
			name = Release;
		};
		18B6BD291F1F09CA0019391D /* Debug */ = {
			isa = XCBuildConfiguration;
			buildSettings = {
				BUNDLE_LOADER = "$(TEST_HOST)";
				INFOPLIST_FILE = bench_iosTests/Info.plist;
				LD_RUNPATH_SEARCH_PATHS = "$(inherited) @executable_path/Frameworks @loader_path/Frameworks";
				PRODUCT_BUNDLE_IDENTIFIER = "com.app.bench-iosTests";
				PRODUCT_NAME = "$(TARGET_NAME)";
				TEST_HOST = "$(BUILT_PRODUCTS_DIR)/bench_ios.app/bench_ios";
			};
			name = Debug;
		};
		18B6BD2A1F1F09CA0019391D /* Release */ = {
			isa = XCBuildConfiguration;
			buildSettings = {
				BUNDLE_LOADER = "$(TEST_HOST)";
				INFOPLIST_FILE = bench_iosTests/Info.plist;
				LD_RUNPATH_SEARCH_PATHS = "$(inherited) @executable_path/Frameworks @loader_path/Frameworks";
				PRODUCT_BUNDLE_IDENTIFIER = "com.app.bench-iosTests";
				PRODUCT_NAME = "$(TARGET_NAME)";
				TEST_HOST = "$(BUILT_PRODUCTS_DIR)/bench_ios.app/bench_ios";
			};
			name = Release;
		};
		18B6BD2C1F1F09CA0019391D /* Debug */ = {
			isa = XCBuildConfiguration;
			buildSettings = {
				INFOPLIST_FILE = bench_iosUITests/Info.plist;
				LD_RUNPATH_SEARCH_PATHS = "$(inherited) @executable_path/Frameworks @loader_path/Frameworks";
				PRODUCT_BUNDLE_IDENTIFIER = "com.app.bench-iosUITests";
				PRODUCT_NAME = "$(TARGET_NAME)";
				TEST_TARGET_NAME = bench_ios;
			};
			name = Debug;
		};
		18B6BD2D1F1F09CA0019391D /* Release */ = {
			isa = XCBuildConfiguration;
			buildSettings = {
				INFOPLIST_FILE = bench_iosUITests/Info.plist;
				LD_RUNPATH_SEARCH_PATHS = "$(inherited) @executable_path/Frameworks @loader_path/Frameworks";
				PRODUCT_BUNDLE_IDENTIFIER = "com.app.bench-iosUITests";
				PRODUCT_NAME = "$(TARGET_NAME)";
				TEST_TARGET_NAME = bench_ios;
			};
			name = Release;
		};
/* End XCBuildConfiguration section */

/* Begin XCConfigurationList section */
		18B6BCF31F1F09CA0019391D /* Build configuration list for PBXProject "bench_ios" */ = {
			isa = XCConfigurationList;
			buildConfigurations = (
				18B6BD231F1F09CA0019391D /* Debug */,
				18B6BD241F1F09CA0019391D /* Release */,
			);
			defaultConfigurationIsVisible = 0;
			defaultConfigurationName = Release;
		};
		18B6BD251F1F09CA0019391D /* Build configuration list for PBXNativeTarget "bench_ios" */ = {
			isa = XCConfigurationList;
			buildConfigurations = (
				18B6BD261F1F09CA0019391D /* Debug */,
				18B6BD271F1F09CA0019391D /* Release */,
			);
			defaultConfigurationIsVisible = 0;
			defaultConfigurationName = Release;
		};
		18B6BD281F1F09CA0019391D /* Build configuration list for PBXNativeTarget "bench_iosTests" */ = {
			isa = XCConfigurationList;
			buildConfigurations = (
				18B6BD291F1F09CA0019391D /* Debug */,
				18B6BD2A1F1F09CA0019391D /* Release */,
			);
			defaultConfigurationIsVisible = 0;
			defaultConfigurationName = Release;
		};
		18B6BD2B1F1F09CA0019391D /* Build configuration list for PBXNativeTarget "bench_iosUITests" */ = {
			isa = XCConfigurationList;
			buildConfigurations = (
				18B6BD2C1F1F09CA0019391D /* Debug */,
				18B6BD2D1F1F09CA0019391D /* Release */,
			);
			defaultConfigurationIsVisible = 0;
			defaultConfigurationName = Release;
		};
/* End XCConfigurationList section */
	};
	rootObject = 18B6BCF01F1F09CA0019391D /* Project object */;
}
